// !$*UTF8*$!
{
	archiveVersion = 1;
	classes = {
	};
	objectVersion = 55;
	objects = {

/* Begin PBXBuildFile section */
		11CFD04B28148D1400BA8CB6 /* Await__App.swift in Sources */ = {isa = PBXBuildFile; fileRef = 11CFD04A28148D1400BA8CB6 /* Await__App.swift */; };
		11CFD04D28148D1400BA8CB6 /* ContentView.swift in Sources */ = {isa = PBXBuildFile; fileRef = 11CFD04C28148D1400BA8CB6 /* ContentView.swift */; };
		11CFD04F28148D1500BA8CB6 /* Assets.xcassets in Resources */ = {isa = PBXBuildFile; fileRef = 11CFD04E28148D1500BA8CB6 /* Assets.xcassets */; };
		11CFD05228148D1500BA8CB6 /* Preview Assets.xcassets in Resources */ = {isa = PBXBuildFile; fileRef = 11CFD05128148D1500BA8CB6 /* Preview Assets.xcassets */; };
		11CFD05C28148DB600BA8CB6 /* CompositionalView.swift in Sources */ = {isa = PBXBuildFile; fileRef = 11CFD05B28148DB600BA8CB6 /* CompositionalView.swift */; };
		11CFD05E2814B45900BA8CB6 /* ImageModel.swift in Sources */ = {isa = PBXBuildFile; fileRef = 11CFD05D2814B45900BA8CB6 /* ImageModel.swift */; };
		11CFD0602814B63600BA8CB6 /* ImageFetcher.swift in Sources */ = {isa = PBXBuildFile; fileRef = 11CFD05F2814B63600BA8CB6 /* ImageFetcher.swift */; };
		11CFD0632814B89500BA8CB6 /* SDWebImageSwiftUI in Frameworks */ = {isa = PBXBuildFile; productRef = 11CFD0622814B89500BA8CB6 /* SDWebImageSwiftUI */; };
/* End PBXBuildFile section */

/* Begin PBXFileReference section */
		11CFD04728148D1400BA8CB6 /* Await -.app */ = {isa = PBXFileReference; explicitFileType = wrapper.application; includeInIndex = 0; path = "Await -.app"; sourceTree = BUILT_PRODUCTS_DIR; };
		11CFD04A28148D1400BA8CB6 /* Await__App.swift */ = {isa = PBXFileReference; lastKnownFileType = sourcecode.swift; path = Await__App.swift; sourceTree = "<group>"; };
		11CFD04C28148D1400BA8CB6 /* ContentView.swift */ = {isa = PBXFileReference; lastKnownFileType = sourcecode.swift; path = ContentView.swift; sourceTree = "<group>"; };
		11CFD04E28148D1500BA8CB6 /* Assets.xcassets */ = {isa = PBXFileReference; lastKnownFileType = folder.assetcatalog; path = Assets.xcassets; sourceTree = "<group>"; };
		11CFD05128148D1500BA8CB6 /* Preview Assets.xcassets */ = {isa = PBXFileReference; lastKnownFileType = folder.assetcatalog; path = "Preview Assets.xcassets"; sourceTree = "<group>"; };
		11CFD05B28148DB600BA8CB6 /* CompositionalView.swift */ = {isa = PBXFileReference; lastKnownFileType = sourcecode.swift; path = CompositionalView.swift; sourceTree = "<group>"; };
		11CFD05D2814B45900BA8CB6 /* ImageModel.swift */ = {isa = PBXFileReference; lastKnownFileType = sourcecode.swift; path = ImageModel.swift; sourceTree = "<group>"; };
		11CFD05F2814B63600BA8CB6 /* ImageFetcher.swift */ = {isa = PBXFileReference; lastKnownFileType = sourcecode.swift; path = ImageFetcher.swift; sourceTree = "<group>"; };
/* End PBXFileReference section */

/* Begin PBXFrameworksBuildPhase section */
		11CFD04428148D1400BA8CB6 /* Frameworks */ = {
			isa = PBXFrameworksBuildPhase;
			buildActionMask = 2147483647;
			files = (
				11CFD0632814B89500BA8CB6 /* SDWebImageSwiftUI in Frameworks */,
			);
			runOnlyForDeploymentPostprocessing = 0;
		};
/* End PBXFrameworksBuildPhase section */

/* Begin PBXGroup section */
		11CFD03E28148D1400BA8CB6 = {
			isa = PBXGroup;
			children = (
				11CFD04928148D1400BA8CB6 /* Await - */,
				11CFD04828148D1400BA8CB6 /* Products */,
			);
			sourceTree = "<group>";
		};
		11CFD04828148D1400BA8CB6 /* Products */ = {
			isa = PBXGroup;
			children = (
				11CFD04728148D1400BA8CB6 /* Await -.app */,
			);
			name = Products;
			sourceTree = "<group>";
		};
		11CFD04928148D1400BA8CB6 /* Await - */ = {
			isa = PBXGroup;
			children = (
				11CFD05A28148D6300BA8CB6 /* ViewModel */,
				11CFD05928148D5E00BA8CB6 /* View */,
				11CFD05828148D5800BA8CB6 /* Model */,
				11CFD04A28148D1400BA8CB6 /* Await__App.swift */,
				11CFD04C28148D1400BA8CB6 /* ContentView.swift */,
				11CFD04E28148D1500BA8CB6 /* Assets.xcassets */,
				11CFD05028148D1500BA8CB6 /* Preview Content */,
			);
			path = "Await -";
			sourceTree = "<group>";
		};
		11CFD05028148D1500BA8CB6 /* Preview Content */ = {
			isa = PBXGroup;
			children = (
				11CFD05128148D1500BA8CB6 /* Preview Assets.xcassets */,
			);
			path = "Preview Content";
			sourceTree = "<group>";
		};
		11CFD05828148D5800BA8CB6 /* Model */ = {
			isa = PBXGroup;
			children = (
				11CFD05D2814B45900BA8CB6 /* ImageModel.swift */,
			);
			path = Model;
			sourceTree = "<group>";
		};
		11CFD05928148D5E00BA8CB6 /* View */ = {
			isa = PBXGroup;
			children = (
				11CFD05B28148DB600BA8CB6 /* CompositionalView.swift */,
			);
			path = View;
			sourceTree = "<group>";
		};
		11CFD05A28148D6300BA8CB6 /* ViewModel */ = {
			isa = PBXGroup;
			children = (
				11CFD05F2814B63600BA8CB6 /* ImageFetcher.swift */,
			);
			path = ViewModel;
			sourceTree = "<group>";
		};
/* End PBXGroup section */

/* Begin PBXNativeTarget section */
		11CFD04628148D1400BA8CB6 /* Await - */ = {
			isa = PBXNativeTarget;
			buildConfigurationList = 11CFD05528148D1500BA8CB6 /* Build configuration list for PBXNativeTarget "Await -" */;
			buildPhases = (
				11CFD04328148D1400BA8CB6 /* Sources */,
				11CFD04428148D1400BA8CB6 /* Frameworks */,
				11CFD04528148D1400BA8CB6 /* Resources */,
			);
			buildRules = (
			);
			dependencies = (
			);
			name = "Await -";
			packageProductDependencies = (
				11CFD0622814B89500BA8CB6 /* SDWebImageSwiftUI */,
			);
			productName = "Await -";
			productReference = 11CFD04728148D1400BA8CB6 /* Await -.app */;
			productType = "com.apple.product-type.application";
		};
/* End PBXNativeTarget section */

/* Begin PBXProject section */
		11CFD03F28148D1400BA8CB6 /* Project object */ = {
			isa = PBXProject;
			attributes = {
				BuildIndependentTargetsInParallel = 1;
				LastSwiftUpdateCheck = 1330;
				LastUpgradeCheck = 1330;
				TargetAttributes = {
					11CFD04628148D1400BA8CB6 = {
						CreatedOnToolsVersion = 13.3.1;
					};
				};
			};
			buildConfigurationList = 11CFD04228148D1400BA8CB6 /* Build configuration list for PBXProject "Await -" */;
			compatibilityVersion = "Xcode 13.0";
			developmentRegion = en;
			hasScannedForEncodings = 0;
			knownRegions = (
				en,
				Base,
			);
			mainGroup = 11CFD03E28148D1400BA8CB6;
			packageReferences = (
				11CFD0612814B89500BA8CB6 /* XCRemoteSwiftPackageReference "SDWebImageSwiftUI" */,
			);
			productRefGroup = 11CFD04828148D1400BA8CB6 /* Products */;
			projectDirPath = "";
			projectRoot = "";
			targets = (
				11CFD04628148D1400BA8CB6 /* Await - */,
			);
		};
/* End PBXProject section */

/* Begin PBXResourcesBuildPhase section */
		11CFD04528148D1400BA8CB6 /* Resources */ = {
			isa = PBXResourcesBuildPhase;
			buildActionMask = 2147483647;
			files = (
				11CFD05228148D1500BA8CB6 /* Preview Assets.xcassets in Resources */,
				11CFD04F28148D1500BA8CB6 /* Assets.xcassets in Resources */,
			);
			runOnlyForDeploymentPostprocessing = 0;
		};
/* End PBXResourcesBuildPhase section */

/* Begin PBXSourcesBuildPhase section */
		11CFD04328148D1400BA8CB6 /* Sources */ = {
			isa = PBXSourcesBuildPhase;
			buildActionMask = 2147483647;
			files = (
				11CFD05C28148DB600BA8CB6 /* CompositionalView.swift in Sources */,
				11CFD04D28148D1400BA8CB6 /* ContentView.swift in Sources */,
				11CFD04B28148D1400BA8CB6 /* Await__App.swift in Sources */,
				11CFD05E2814B45900BA8CB6 /* ImageModel.swift in Sources */,
				11CFD0602814B63600BA8CB6 /* ImageFetcher.swift in Sources */,
			);
			runOnlyForDeploymentPostprocessing = 0;
		};
/* End PBXSourcesBuildPhase section */

/* Begin XCBuildConfiguration section */
		11CFD05328148D1500BA8CB6 /* Debug */ = {
			isa = XCBuildConfiguration;
			buildSettings = {
				ALWAYS_SEARCH_USER_PATHS = NO;
				CLANG_ANALYZER_NONNULL = YES;
				CLANG_ANALYZER_NUMBER_OBJECT_CONVERSION = YES_AGGRESSIVE;
				CLANG_CXX_LANGUAGE_STANDARD = "gnu++17";
				CLANG_ENABLE_MODULES = YES;
				CLANG_ENABLE_OBJC_ARC = YES;
				CLANG_ENABLE_OBJC_WEAK = YES;
				CLANG_WARN_BLOCK_CAPTURE_AUTORELEASING = YES;
				CLANG_WARN_BOOL_CONVERSION = YES;
				CLANG_WARN_COMMA = YES;
				CLANG_WARN_CONSTANT_CONVERSION = YES;
				CLANG_WARN_DEPRECATED_OBJC_IMPLEMENTATIONS = YES;
				CLANG_WARN_DIRECT_OBJC_ISA_USAGE = YES_ERROR;
				CLANG_WARN_DOCUMENTATION_COMMENTS = YES;
				CLANG_WARN_EMPTY_BODY = YES;
				CLANG_WARN_ENUM_CONVERSION = YES;
				CLANG_WARN_INFINITE_RECURSION = YES;
				CLANG_WARN_INT_CONVERSION = YES;
				CLANG_WARN_NON_LITERAL_NULL_CONVERSION = YES;
				CLANG_WARN_OBJC_IMPLICIT_RETAIN_SELF = YES;
				CLANG_WARN_OBJC_LITERAL_CONVERSION = YES;
				CLANG_WARN_OBJC_ROOT_CLASS = YES_ERROR;
				CLANG_WARN_QUOTED_INCLUDE_IN_FRAMEWORK_HEADER = YES;
				CLANG_WARN_RANGE_LOOP_ANALYSIS = YES;
				CLANG_WARN_STRICT_PROTOTYPES = YES;
				CLANG_WARN_SUSPICIOUS_MOVE = YES;
				CLANG_WARN_UNGUARDED_AVAILABILITY = YES_AGGRESSIVE;
				CLANG_WARN_UNREACHABLE_CODE = YES;
				CLANG_WARN__DUPLICATE_METHOD_MATCH = YES;
				COPY_PHASE_STRIP = NO;
				DEBUG_INFORMATION_FORMAT = dwarf;
				ENABLE_STRICT_OBJC_MSGSEND = YES;
				ENABLE_TESTABILITY = YES;
				GCC_C_LANGUAGE_STANDARD = gnu11;
				GCC_DYNAMIC_NO_PIC = NO;
				GCC_NO_COMMON_BLOCKS = YES;
				GCC_OPTIMIZATION_LEVEL = 0;
				GCC_PREPROCESSOR_DEFINITIONS = (
					"DEBUG=1",
					"$(inherited)",
				);
				GCC_WARN_64_TO_32_BIT_CONVERSION = YES;
				GCC_WARN_ABOUT_RETURN_TYPE = YES_ERROR;
				GCC_WARN_UNDECLARED_SELECTOR = YES;
				GCC_WARN_UNINITIALIZED_AUTOS = YES_AGGRESSIVE;
				GCC_WARN_UNUSED_FUNCTION = YES;
				GCC_WARN_UNUSED_VARIABLE = YES;
				IPHONEOS_DEPLOYMENT_TARGET = 15.4;
				MTL_ENABLE_DEBUG_INFO = INCLUDE_SOURCE;
				MTL_FAST_MATH = YES;
				ONLY_ACTIVE_ARCH = YES;
				SDKROOT = iphoneos;
				SWIFT_ACTIVE_COMPILATION_CONDITIONS = DEBUG;
				SWIFT_OPTIMIZATION_LEVEL = "-Onone";
			};
			name = Debug;
		};
		11CFD05428148D1500BA8CB6 /* Release */ = {
			isa = XCBuildConfiguration;
			buildSettings = {
				ALWAYS_SEARCH_USER_PATHS = NO;
				CLANG_ANALYZER_NONNULL = YES;
				CLANG_ANALYZER_NUMBER_OBJECT_CONVERSION = YES_AGGRESSIVE;
				CLANG_CXX_LANGUAGE_STANDARD = "gnu++17";
				CLANG_ENABLE_MODULES = YES;
				CLANG_ENABLE_OBJC_ARC = YES;
				CLANG_ENABLE_OBJC_WEAK = YES;
				CLANG_WARN_BLOCK_CAPTURE_AUTORELEASING = YES;
				CLANG_WARN_BOOL_CONVERSION = YES;
				CLANG_WARN_COMMA = YES;
				CLANG_WARN_CONSTANT_CONVERSION = YES;
				CLANG_WARN_DEPRECATED_OBJC_IMPLEMENTATIONS = YES;
				CLANG_WARN_DIRECT_OBJC_ISA_USAGE = YES_ERROR;
				CLANG_WARN_DOCUMENTATION_COMMENTS = YES;
				CLANG_WARN_EMPTY_BODY = YES;
				CLANG_WARN_ENUM_CONVERSION = YES;
				CLANG_WARN_INFINITE_RECURSION = YES;
				CLANG_WARN_INT_CONVERSION = YES;
				CLANG_WARN_NON_LITERAL_NULL_CONVERSION = YES;
				CLANG_WARN_OBJC_IMPLICIT_RETAIN_SELF = YES;
				CLANG_WARN_OBJC_LITERAL_CONVERSION = YES;
				CLANG_WARN_OBJC_ROOT_CLASS = YES_ERROR;
				CLANG_WARN_QUOTED_INCLUDE_IN_FRAMEWORK_HEADER = YES;
				CLANG_WARN_RANGE_LOOP_ANALYSIS = YES;
				CLANG_WARN_STRICT_PROTOTYPES = YES;
				CLANG_WARN_SUSPICIOUS_MOVE = YES;
				CLANG_WARN_UNGUARDED_AVAILABILITY = YES_AGGRESSIVE;
				CLANG_WARN_UNREACHABLE_CODE = YES;
				CLANG_WARN__DUPLICATE_METHOD_MATCH = YES;
				COPY_PHASE_STRIP = NO;
				DEBUG_INFORMATION_FORMAT = "dwarf-with-dsym";
				ENABLE_NS_ASSERTIONS = NO;
				ENABLE_STRICT_OBJC_MSGSEND = YES;
				GCC_C_LANGUAGE_STANDARD = gnu11;
				GCC_NO_COMMON_BLOCKS = YES;
				GCC_WARN_64_TO_32_BIT_CONVERSION = YES;
				GCC_WARN_ABOUT_RETURN_TYPE = YES_ERROR;
				GCC_WARN_UNDECLARED_SELECTOR = YES;
				GCC_WARN_UNINITIALIZED_AUTOS = YES_AGGRESSIVE;
				GCC_WARN_UNUSED_FUNCTION = YES;
				GCC_WARN_UNUSED_VARIABLE = YES;
				IPHONEOS_DEPLOYMENT_TARGET = 15.4;
				MTL_ENABLE_DEBUG_INFO = NO;
				MTL_FAST_MATH = YES;
				SDKROOT = iphoneos;
				SWIFT_COMPILATION_MODE = wholemodule;
				SWIFT_OPTIMIZATION_LEVEL = "-O";
				VALIDATE_PRODUCT = YES;
			};
			name = Release;
		};
		11CFD05628148D1500BA8CB6 /* Debug */ = {
			isa = XCBuildConfiguration;
			buildSettings = {
				ASSETCATALOG_COMPILER_APPICON_NAME = AppIcon;
				ASSETCATALOG_COMPILER_GLOBAL_ACCENT_COLOR_NAME = AccentColor;
				CODE_SIGN_STYLE = Automatic;
				CURRENT_PROJECT_VERSION = 1;
				DEVELOPMENT_ASSET_PATHS = "\"Await -/Preview Content\"";
				DEVELOPMENT_TEAM = CSE9343A58;
				ENABLE_PREVIEWS = YES;
				GENERATE_INFOPLIST_FILE = YES;
				INFOPLIST_KEY_UIApplicationSceneManifest_Generation = YES;
				INFOPLIST_KEY_UIApplicationSupportsIndirectInputEvents = YES;
				INFOPLIST_KEY_UILaunchScreen_Generation = YES;
				INFOPLIST_KEY_UISupportedInterfaceOrientations_iPad = "UIInterfaceOrientationPortrait UIInterfaceOrientationPortraitUpsideDown UIInterfaceOrientationLandscapeLeft UIInterfaceOrientationLandscapeRight";
				INFOPLIST_KEY_UISupportedInterfaceOrientations_iPhone = "UIInterfaceOrientationPortrait UIInterfaceOrientationLandscapeLeft UIInterfaceOrientationLandscapeRight";
				LD_RUNPATH_SEARCH_PATHS = (
					"$(inherited)",
					"@executable_path/Frameworks",
				);
				MARKETING_VERSION = 1.0;
				PRODUCT_BUNDLE_IDENTIFIER = "dsyang.Await--";
				PRODUCT_NAME = "$(TARGET_NAME)";
				SWIFT_EMIT_LOC_STRINGS = YES;
				SWIFT_VERSION = 5.0;
				TARGETED_DEVICE_FAMILY = "1,2";
			};
			name = Debug;
		};
		11CFD05728148D1500BA8CB6 /* Release */ = {
			isa = XCBuildConfiguration;
			buildSettings = {
				ASSETCATALOG_COMPILER_APPICON_NAME = AppIcon;
				ASSETCATALOG_COMPILER_GLOBAL_ACCENT_COLOR_NAME = AccentColor;
				CODE_SIGN_STYLE = Automatic;
				CURRENT_PROJECT_VERSION = 1;
				DEVELOPMENT_ASSET_PATHS = "\"Await -/Preview Content\"";
				DEVELOPMENT_TEAM = CSE9343A58;
				ENABLE_PREVIEWS = YES;
				GENERATE_INFOPLIST_FILE = YES;
				INFOPLIST_KEY_UIApplicationSceneManifest_Generation = YES;
				INFOPLIST_KEY_UIApplicationSupportsIndirectInputEvents = YES;
				INFOPLIST_KEY_UILaunchScreen_Generation = YES;
				INFOPLIST_KEY_UISupportedInterfaceOrientations_iPad = "UIInterfaceOrientationPortrait UIInterfaceOrientationPortraitUpsideDown UIInterfaceOrientationLandscapeLeft UIInterfaceOrientationLandscapeRight";
				INFOPLIST_KEY_UISupportedInterfaceOrientations_iPhone = "UIInterfaceOrientationPortrait UIInterfaceOrientationLandscapeLeft UIInterfaceOrientationLandscapeRight";
				LD_RUNPATH_SEARCH_PATHS = (
					"$(inherited)",
					"@executable_path/Frameworks",
				);
				MARKETING_VERSION = 1.0;
				PRODUCT_BUNDLE_IDENTIFIER = "dsyang.Await--";
				PRODUCT_NAME = "$(TARGET_NAME)";
				SWIFT_EMIT_LOC_STRINGS = YES;
				SWIFT_VERSION = 5.0;
				TARGETED_DEVICE_FAMILY = "1,2";
			};
			name = Release;
		};
/* End XCBuildConfiguration section */

/* Begin XCConfigurationList section */
		11CFD04228148D1400BA8CB6 /* Build configuration list for PBXProject "Await -" */ = {
			isa = XCConfigurationList;
			buildConfigurations = (
				11CFD05328148D1500BA8CB6 /* Debug */,
				11CFD05428148D1500BA8CB6 /* Release */,
			);
			defaultConfigurationIsVisible = 0;
			defaultConfigurationName = Release;
		};
		11CFD05528148D1500BA8CB6 /* Build configuration list for PBXNativeTarget "Await -" */ = {
			isa = XCConfigurationList;
			buildConfigurations = (
				11CFD05628148D1500BA8CB6 /* Debug */,
				11CFD05728148D1500BA8CB6 /* Release */,
			);
			defaultConfigurationIsVisible = 0;
			defaultConfigurationName = Release;
		};
/* End XCConfigurationList section */

/* Begin XCRemoteSwiftPackageReference section */
		11CFD0612814B89500BA8CB6 /* XCRemoteSwiftPackageReference "SDWebImageSwiftUI" */ = {
			isa = XCRemoteSwiftPackageReference;
			repositoryURL = "https://github.com/SDWebImage/SDWebImageSwiftUI";
			requirement = {
				kind = upToNextMajorVersion;
				minimumVersion = 2.0.0;
			};
		};
/* End XCRemoteSwiftPackageReference section */

/* Begin XCSwiftPackageProductDependency section */
		11CFD0622814B89500BA8CB6 /* SDWebImageSwiftUI */ = {
			isa = XCSwiftPackageProductDependency;
			package = 11CFD0612814B89500BA8CB6 /* XCRemoteSwiftPackageReference "SDWebImageSwiftUI" */;
			productName = SDWebImageSwiftUI;
		};
/* End XCSwiftPackageProductDependency section */
	};
	rootObject = 11CFD03F28148D1400BA8CB6 /* Project object */;
}
