// !$*UTF8*$!
{
	archiveVersion = 1;
	classes = {
	};
	objectVersion = 55;
	objects = {

/* Begin PBXBuildFile section */
		11A427AD277AB51000570E8F /* BlackCowApp.swift in Sources */ = {isa = PBXBuildFile; fileRef = 11A427AC277AB51000570E8F /* BlackCowApp.swift */; };
		11A427AF277AB51000570E8F /* ContentView.swift in Sources */ = {isa = PBXBuildFile; fileRef = 11A427AE277AB51000570E8F /* ContentView.swift */; };
		11A427B1277AB51400570E8F /* Assets.xcassets in Resources */ = {isa = PBXBuildFile; fileRef = 11A427B0277AB51400570E8F /* Assets.xcassets */; };
		11A427B4277AB51400570E8F /* Preview Assets.xcassets in Resources */ = {isa = PBXBuildFile; fileRef = 11A427B3277AB51400570E8F /* Preview Assets.xcassets */; };
		11A4283D277CE55300570E8F /* JSDongkang-Regular.ttf in Resources */ = {isa = PBXBuildFile; fileRef = 11A42839277CE55200570E8F /* JSDongkang-Regular.ttf */; };
		11A4283E277CE55300570E8F /* CookieRun Regular.ttf in Resources */ = {isa = PBXBuildFile; fileRef = 11A4283A277CE55200570E8F /* CookieRun Regular.ttf */; };
		11A4283F277CE55300570E8F /* UhBee-Seulvely.ttf in Resources */ = {isa = PBXBuildFile; fileRef = 11A4283B277CE55300570E8F /* UhBee-Seulvely.ttf */; };
		11A42840277CE55300570E8F /* JSDongkang-Bold.ttf in Resources */ = {isa = PBXBuildFile; fileRef = 11A4283C277CE55300570E8F /* JSDongkang-Bold.ttf */; };
		11A42842277CE56300570E8F /* BoardingView.swift in Sources */ = {isa = PBXBuildFile; fileRef = 11A42841277CE56300570E8F /* BoardingView.swift */; };
		11A42844277CE57C00570E8F /* LoginView.swift in Sources */ = {isa = PBXBuildFile; fileRef = 11A42843277CE57C00570E8F /* LoginView.swift */; };
		11A42846277CE59300570E8F /* TextAnimation.swift in Sources */ = {isa = PBXBuildFile; fileRef = 11A42845277CE59300570E8F /* TextAnimation.swift */; };
		11A42849277CE5B400570E8F /* Constant.swift in Sources */ = {isa = PBXBuildFile; fileRef = 11A42848277CE5B400570E8F /* Constant.swift */; };
		11A4284C277D08CD00570E8F /* LoginViewModel.swift in Sources */ = {isa = PBXBuildFile; fileRef = 11A4284B277D08CD00570E8F /* LoginViewModel.swift */; };
		11A4284E277D1F9E00570E8F /* GoogleService-Info.plist in Resources */ = {isa = PBXBuildFile; fileRef = 11A4284D277D1F9D00570E8F /* GoogleService-Info.plist */; };
		11A42850277D238400570E8F /* Home.swift in Sources */ = {isa = PBXBuildFile; fileRef = 11A4284F277D238300570E8F /* Home.swift */; };
		496DBFABDA7809C8ABC19996 /* Pods_BlackCow.framework in Frameworks */ = {isa = PBXBuildFile; fileRef = B535531220CE4C25A7FC8425 /* Pods_BlackCow.framework */; };
/* End PBXBuildFile section */

/* Begin PBXFileReference section */
		11A427A9277AB51000570E8F /* BlackCow.app */ = {isa = PBXFileReference; explicitFileType = wrapper.application; includeInIndex = 0; path = BlackCow.app; sourceTree = BUILT_PRODUCTS_DIR; };
		11A427AC277AB51000570E8F /* BlackCowApp.swift */ = {isa = PBXFileReference; lastKnownFileType = sourcecode.swift; path = BlackCowApp.swift; sourceTree = "<group>"; };
		11A427AE277AB51000570E8F /* ContentView.swift */ = {isa = PBXFileReference; lastKnownFileType = sourcecode.swift; path = ContentView.swift; sourceTree = "<group>"; };
		11A427B0277AB51400570E8F /* Assets.xcassets */ = {isa = PBXFileReference; lastKnownFileType = folder.assetcatalog; path = Assets.xcassets; sourceTree = "<group>"; };
		11A427B3277AB51400570E8F /* Preview Assets.xcassets */ = {isa = PBXFileReference; lastKnownFileType = folder.assetcatalog; path = "Preview Assets.xcassets"; sourceTree = "<group>"; };
		11A42839277CE55200570E8F /* JSDongkang-Regular.ttf */ = {isa = PBXFileReference; lastKnownFileType = file; path = "JSDongkang-Regular.ttf"; sourceTree = "<group>"; };
		11A4283A277CE55200570E8F /* CookieRun Regular.ttf */ = {isa = PBXFileReference; lastKnownFileType = file; path = "CookieRun Regular.ttf"; sourceTree = "<group>"; };
		11A4283B277CE55300570E8F /* UhBee-Seulvely.ttf */ = {isa = PBXFileReference; lastKnownFileType = file; path = "UhBee-Seulvely.ttf"; sourceTree = "<group>"; };
		11A4283C277CE55300570E8F /* JSDongkang-Bold.ttf */ = {isa = PBXFileReference; lastKnownFileType = file; path = "JSDongkang-Bold.ttf"; sourceTree = "<group>"; };
		11A42841277CE56300570E8F /* BoardingView.swift */ = {isa = PBXFileReference; lastKnownFileType = sourcecode.swift; path = BoardingView.swift; sourceTree = "<group>"; };
		11A42843277CE57C00570E8F /* LoginView.swift */ = {isa = PBXFileReference; lastKnownFileType = sourcecode.swift; path = LoginView.swift; sourceTree = "<group>"; };
		11A42845277CE59300570E8F /* TextAnimation.swift */ = {isa = PBXFileReference; lastKnownFileType = sourcecode.swift; path = TextAnimation.swift; sourceTree = "<group>"; };
		11A42848277CE5B400570E8F /* Constant.swift */ = {isa = PBXFileReference; lastKnownFileType = sourcecode.swift; path = Constant.swift; sourceTree = "<group>"; };
		11A4284A277D08A400570E8F /* BlackCow.entitlements */ = {isa = PBXFileReference; lastKnownFileType = text.plist.entitlements; path = BlackCow.entitlements; sourceTree = "<group>"; };
		11A4284B277D08CD00570E8F /* LoginViewModel.swift */ = {isa = PBXFileReference; lastKnownFileType = sourcecode.swift; path = LoginViewModel.swift; sourceTree = "<group>"; };
		11A4284D277D1F9D00570E8F /* GoogleService-Info.plist */ = {isa = PBXFileReference; fileEncoding = 4; lastKnownFileType = text.plist.xml; path = "GoogleService-Info.plist"; sourceTree = "<group>"; };
		11A4284F277D238300570E8F /* Home.swift */ = {isa = PBXFileReference; lastKnownFileType = sourcecode.swift; path = Home.swift; sourceTree = "<group>"; };
		11A42851277D41AD00570E8F /* Info.plist */ = {isa = PBXFileReference; lastKnownFileType = text.plist; path = Info.plist; sourceTree = "<group>"; };
		9977F7A630D2019EE42B5A6C /* Pods-BlackCow.debug.xcconfig */ = {isa = PBXFileReference; includeInIndex = 1; lastKnownFileType = text.xcconfig; name = "Pods-BlackCow.debug.xcconfig"; path = "Target Support Files/Pods-BlackCow/Pods-BlackCow.debug.xcconfig"; sourceTree = "<group>"; };
		ABB18398472A22D3CE9C730F /* Pods-BlackCow.release.xcconfig */ = {isa = PBXFileReference; includeInIndex = 1; lastKnownFileType = text.xcconfig; name = "Pods-BlackCow.release.xcconfig"; path = "Target Support Files/Pods-BlackCow/Pods-BlackCow.release.xcconfig"; sourceTree = "<group>"; };
		B535531220CE4C25A7FC8425 /* Pods_BlackCow.framework */ = {isa = PBXFileReference; explicitFileType = wrapper.framework; includeInIndex = 0; path = Pods_BlackCow.framework; sourceTree = BUILT_PRODUCTS_DIR; };
/* End PBXFileReference section */

/* Begin PBXFrameworksBuildPhase section */
		11A427A6277AB51000570E8F /* Frameworks */ = {
			isa = PBXFrameworksBuildPhase;
			buildActionMask = 2147483647;
			files = (
				496DBFABDA7809C8ABC19996 /* Pods_BlackCow.framework in Frameworks */,
			);
			runOnlyForDeploymentPostprocessing = 0;
		};
/* End PBXFrameworksBuildPhase section */

/* Begin PBXGroup section */
		108C75864A4D533CF103114A /* Frameworks */ = {
			isa = PBXGroup;
			children = (
				B535531220CE4C25A7FC8425 /* Pods_BlackCow.framework */,
			);
			name = Frameworks;
			sourceTree = "<group>";
		};
		11A427A0277AB51000570E8F = {
			isa = PBXGroup;
			children = (
				11A4284D277D1F9D00570E8F /* GoogleService-Info.plist */,
				11A427AB277AB51000570E8F /* BlackCow */,
				11A427AA277AB51000570E8F /* Products */,
				807300B869C09D01877028F1 /* Pods */,
				108C75864A4D533CF103114A /* Frameworks */,
			);
			sourceTree = "<group>";
		};
		11A427AA277AB51000570E8F /* Products */ = {
			isa = PBXGroup;
			children = (
				11A427A9277AB51000570E8F /* BlackCow.app */,
			);
			name = Products;
			sourceTree = "<group>";
		};
		11A427AB277AB51000570E8F /* BlackCow */ = {
			isa = PBXGroup;
			children = (
				11A42851277D41AD00570E8F /* Info.plist */,
				11A4284A277D08A400570E8F /* BlackCow.entitlements */,
				11A42847277CE5A800570E8F /* Helper */,
				11A42838277CE54500570E8F /* Font */,
				11A42837277CE53200570E8F /* Models */,
				11A42836277CE52700570E8F /* ViewModel */,
				11A42835277CE52100570E8F /* View */,
				11A427AC277AB51000570E8F /* BlackCowApp.swift */,
				11A427AE277AB51000570E8F /* ContentView.swift */,
				11A427B0277AB51400570E8F /* Assets.xcassets */,
				11A427B2277AB51400570E8F /* Preview Content */,
			);
			path = BlackCow;
			sourceTree = "<group>";
		};
		11A427B2277AB51400570E8F /* Preview Content */ = {
			isa = PBXGroup;
			children = (
				11A427B3277AB51400570E8F /* Preview Assets.xcassets */,
			);
			path = "Preview Content";
			sourceTree = "<group>";
		};
		11A42835277CE52100570E8F /* View */ = {
			isa = PBXGroup;
			children = (
				11A42841277CE56300570E8F /* BoardingView.swift */,
				11A42843277CE57C00570E8F /* LoginView.swift */,
				11A4284F277D238300570E8F /* Home.swift */,
			);
			path = View;
			sourceTree = "<group>";
		};
		11A42836277CE52700570E8F /* ViewModel */ = {
			isa = PBXGroup;
			children = (
				11A4284B277D08CD00570E8F /* LoginViewModel.swift */,
			);
			path = ViewModel;
			sourceTree = "<group>";
		};
		11A42837277CE53200570E8F /* Models */ = {
			isa = PBXGroup;
			children = (
				11A42845277CE59300570E8F /* TextAnimation.swift */,
			);
			path = Models;
			sourceTree = "<group>";
		};
		11A42838277CE54500570E8F /* Font */ = {
			isa = PBXGroup;
			children = (
				11A4283A277CE55200570E8F /* CookieRun Regular.ttf */,
				11A4283C277CE55300570E8F /* JSDongkang-Bold.ttf */,
				11A42839277CE55200570E8F /* JSDongkang-Regular.ttf */,
				11A4283B277CE55300570E8F /* UhBee-Seulvely.ttf */,
			);
			path = Font;
			sourceTree = "<group>";
		};
		11A42847277CE5A800570E8F /* Helper */ = {
			isa = PBXGroup;
			children = (
				11A42848277CE5B400570E8F /* Constant.swift */,
			);
			path = Helper;
			sourceTree = "<group>";
		};
		807300B869C09D01877028F1 /* Pods */ = {
			isa = PBXGroup;
			children = (
				9977F7A630D2019EE42B5A6C /* Pods-BlackCow.debug.xcconfig */,
				ABB18398472A22D3CE9C730F /* Pods-BlackCow.release.xcconfig */,
			);
			path = Pods;
			sourceTree = "<group>";
		};
/* End PBXGroup section */

/* Begin PBXNativeTarget section */
		11A427A8277AB51000570E8F /* BlackCow */ = {
			isa = PBXNativeTarget;
			buildConfigurationList = 11A427B7277AB51400570E8F /* Build configuration list for PBXNativeTarget "BlackCow" */;
			buildPhases = (
				62E90772EA31599775967C04 /* [CP] Check Pods Manifest.lock */,
				11A427A5277AB51000570E8F /* Sources */,
				11A427A6277AB51000570E8F /* Frameworks */,
				11A427A7277AB51000570E8F /* Resources */,
				EF2E0FB4E142EE618D0931C7 /* [CP] Embed Pods Frameworks */,
			);
			buildRules = (
			);
			dependencies = (
			);
			name = BlackCow;
			productName = BlackCow;
			productReference = 11A427A9277AB51000570E8F /* BlackCow.app */;
			productType = "com.apple.product-type.application";
		};
/* End PBXNativeTarget section */

/* Begin PBXProject section */
		11A427A1277AB51000570E8F /* Project object */ = {
			isa = PBXProject;
			attributes = {
				BuildIndependentTargetsInParallel = 1;
				LastSwiftUpdateCheck = 1310;
				LastUpgradeCheck = 1310;
				TargetAttributes = {
					11A427A8277AB51000570E8F = {
						CreatedOnToolsVersion = 13.1;
					};
				};
			};
			buildConfigurationList = 11A427A4277AB51000570E8F /* Build configuration list for PBXProject "BlackCow" */;
			compatibilityVersion = "Xcode 13.0";
			developmentRegion = en;
			hasScannedForEncodings = 0;
			knownRegions = (
				en,
				Base,
			);
			mainGroup = 11A427A0277AB51000570E8F;
			productRefGroup = 11A427AA277AB51000570E8F /* Products */;
			projectDirPath = "";
			projectRoot = "";
			targets = (
				11A427A8277AB51000570E8F /* BlackCow */,
			);
		};
/* End PBXProject section */

/* Begin PBXResourcesBuildPhase section */
		11A427A7277AB51000570E8F /* Resources */ = {
			isa = PBXResourcesBuildPhase;
			buildActionMask = 2147483647;
			files = (
				11A4283D277CE55300570E8F /* JSDongkang-Regular.ttf in Resources */,
				11A427B4277AB51400570E8F /* Preview Assets.xcassets in Resources */,
				11A4283F277CE55300570E8F /* UhBee-Seulvely.ttf in Resources */,
				11A4283E277CE55300570E8F /* CookieRun Regular.ttf in Resources */,
				11A427B1277AB51400570E8F /* Assets.xcassets in Resources */,
				11A42840277CE55300570E8F /* JSDongkang-Bold.ttf in Resources */,
				11A4284E277D1F9E00570E8F /* GoogleService-Info.plist in Resources */,
			);
			runOnlyForDeploymentPostprocessing = 0;
		};
/* End PBXResourcesBuildPhase section */

/* Begin PBXShellScriptBuildPhase section */
		62E90772EA31599775967C04 /* [CP] Check Pods Manifest.lock */ = {
			isa = PBXShellScriptBuildPhase;
			buildActionMask = 2147483647;
			files = (
			);
			inputFileListPaths = (
			);
			inputPaths = (
				"${PODS_PODFILE_DIR_PATH}/Podfile.lock",
				"${PODS_ROOT}/Manifest.lock",
			);
			name = "[CP] Check Pods Manifest.lock";
			outputFileListPaths = (
			);
			outputPaths = (
				"$(DERIVED_FILE_DIR)/Pods-BlackCow-checkManifestLockResult.txt",
			);
			runOnlyForDeploymentPostprocessing = 0;
			shellPath = /bin/sh;
			shellScript = "diff \"${PODS_PODFILE_DIR_PATH}/Podfile.lock\" \"${PODS_ROOT}/Manifest.lock\" > /dev/null\nif [ $? != 0 ] ; then\n    # print error to STDERR\n    echo \"error: The sandbox is not in sync with the Podfile.lock. Run 'pod install' or update your CocoaPods installation.\" >&2\n    exit 1\nfi\n# This output is used by Xcode 'outputs' to avoid re-running this script phase.\necho \"SUCCESS\" > \"${SCRIPT_OUTPUT_FILE_0}\"\n";
			showEnvVarsInLog = 0;
		};
		EF2E0FB4E142EE618D0931C7 /* [CP] Embed Pods Frameworks */ = {
			isa = PBXShellScriptBuildPhase;
			buildActionMask = 2147483647;
			files = (
			);
			inputFileListPaths = (
				"${PODS_ROOT}/Target Support Files/Pods-BlackCow/Pods-BlackCow-frameworks-${CONFIGURATION}-input-files.xcfilelist",
			);
			name = "[CP] Embed Pods Frameworks";
			outputFileListPaths = (
				"${PODS_ROOT}/Target Support Files/Pods-BlackCow/Pods-BlackCow-frameworks-${CONFIGURATION}-output-files.xcfilelist",
			);
			runOnlyForDeploymentPostprocessing = 0;
			shellPath = /bin/sh;
			shellScript = "\"${PODS_ROOT}/Target Support Files/Pods-BlackCow/Pods-BlackCow-frameworks.sh\"\n";
			showEnvVarsInLog = 0;
		};
/* End PBXShellScriptBuildPhase section */

/* Begin PBXSourcesBuildPhase section */
		11A427A5277AB51000570E8F /* Sources */ = {
			isa = PBXSourcesBuildPhase;
			buildActionMask = 2147483647;
			files = (
				11A42842277CE56300570E8F /* BoardingView.swift in Sources */,
				11A427AF277AB51000570E8F /* ContentView.swift in Sources */,
				11A42844277CE57C00570E8F /* LoginView.swift in Sources */,
				11A42846277CE59300570E8F /* TextAnimation.swift in Sources */,
				11A427AD277AB51000570E8F /* BlackCowApp.swift in Sources */,
				11A42849277CE5B400570E8F /* Constant.swift in Sources */,
				11A42850277D238400570E8F /* Home.swift in Sources */,
				11A4284C277D08CD00570E8F /* LoginViewModel.swift in Sources */,
			);
			runOnlyForDeploymentPostprocessing = 0;
		};
/* End PBXSourcesBuildPhase section */

/* Begin XCBuildConfiguration section */
		11A427B5277AB51400570E8F /* Debug */ = {
			isa = XCBuildConfiguration;
			buildSettings = {
				ALWAYS_SEARCH_USER_PATHS = NO;
				CLANG_ANALYZER_NONNULL = YES;
				CLANG_ANALYZER_NUMBER_OBJECT_CONVERSION = YES_AGGRESSIVE;
				CLANG_CXX_LANGUAGE_STANDARD = "gnu++17";
				CLANG_CXX_LIBRARY = "libc++";
				CLANG_ENABLE_MODULES = YES;
				CLANG_ENABLE_OBJC_ARC = YES;
				CLANG_ENABLE_OBJC_WEAK = YES;
				CLANG_WARN_BLOCK_CAPTURE_AUTORELEASING = YES;
				CLANG_WARN_BOOL_CONVERSION = YES;
				CLANG_WARN_COMMA = YES;
				CLANG_WARN_CONSTANT_CONVERSION = YES;
				CLANG_WARN_DEPRECATED_OBJC_IMPLEMENTATIONS = YES;
				CLANG_WARN_DIRECT_OBJC_ISA_USAGE = YES_ERROR;
				CLANG_WARN_DOCUMENTATION_COMMENTS = YES;
				CLANG_WARN_EMPTY_BODY = YES;
				CLANG_WARN_ENUM_CONVERSION = YES;
				CLANG_WARN_INFINITE_RECURSION = YES;
				CLANG_WARN_INT_CONVERSION = YES;
				CLANG_WARN_NON_LITERAL_NULL_CONVERSION = YES;
				CLANG_WARN_OBJC_IMPLICIT_RETAIN_SELF = YES;
				CLANG_WARN_OBJC_LITERAL_CONVERSION = YES;
				CLANG_WARN_OBJC_ROOT_CLASS = YES_ERROR;
				CLANG_WARN_QUOTED_INCLUDE_IN_FRAMEWORK_HEADER = YES;
				CLANG_WARN_RANGE_LOOP_ANALYSIS = YES;
				CLANG_WARN_STRICT_PROTOTYPES = YES;
				CLANG_WARN_SUSPICIOUS_MOVE = YES;
				CLANG_WARN_UNGUARDED_AVAILABILITY = YES_AGGRESSIVE;
				CLANG_WARN_UNREACHABLE_CODE = YES;
				CLANG_WARN__DUPLICATE_METHOD_MATCH = YES;
				COPY_PHASE_STRIP = NO;
				DEBUG_INFORMATION_FORMAT = dwarf;
				ENABLE_STRICT_OBJC_MSGSEND = YES;
				ENABLE_TESTABILITY = YES;
				GCC_C_LANGUAGE_STANDARD = gnu11;
				GCC_DYNAMIC_NO_PIC = NO;
				GCC_NO_COMMON_BLOCKS = YES;
				GCC_OPTIMIZATION_LEVEL = 0;
				GCC_PREPROCESSOR_DEFINITIONS = (
					"DEBUG=1",
					"$(inherited)",
				);
				GCC_WARN_64_TO_32_BIT_CONVERSION = YES;
				GCC_WARN_ABOUT_RETURN_TYPE = YES_ERROR;
				GCC_WARN_UNDECLARED_SELECTOR = YES;
				GCC_WARN_UNINITIALIZED_AUTOS = YES_AGGRESSIVE;
				GCC_WARN_UNUSED_FUNCTION = YES;
				GCC_WARN_UNUSED_VARIABLE = YES;
				IPHONEOS_DEPLOYMENT_TARGET = 15.0;
				MTL_ENABLE_DEBUG_INFO = INCLUDE_SOURCE;
				MTL_FAST_MATH = YES;
				ONLY_ACTIVE_ARCH = YES;
				SDKROOT = iphoneos;
				SWIFT_ACTIVE_COMPILATION_CONDITIONS = DEBUG;
				SWIFT_OPTIMIZATION_LEVEL = "-Onone";
			};
			name = Debug;
		};
		11A427B6277AB51400570E8F /* Release */ = {
			isa = XCBuildConfiguration;
			buildSettings = {
				ALWAYS_SEARCH_USER_PATHS = NO;
				CLANG_ANALYZER_NONNULL = YES;
				CLANG_ANALYZER_NUMBER_OBJECT_CONVERSION = YES_AGGRESSIVE;
				CLANG_CXX_LANGUAGE_STANDARD = "gnu++17";
				CLANG_CXX_LIBRARY = "libc++";
				CLANG_ENABLE_MODULES = YES;
				CLANG_ENABLE_OBJC_ARC = YES;
				CLANG_ENABLE_OBJC_WEAK = YES;
				CLANG_WARN_BLOCK_CAPTURE_AUTORELEASING = YES;
				CLANG_WARN_BOOL_CONVERSION = YES;
				CLANG_WARN_COMMA = YES;
				CLANG_WARN_CONSTANT_CONVERSION = YES;
				CLANG_WARN_DEPRECATED_OBJC_IMPLEMENTATIONS = YES;
				CLANG_WARN_DIRECT_OBJC_ISA_USAGE = YES_ERROR;
				CLANG_WARN_DOCUMENTATION_COMMENTS = YES;
				CLANG_WARN_EMPTY_BODY = YES;
				CLANG_WARN_ENUM_CONVERSION = YES;
				CLANG_WARN_INFINITE_RECURSION = YES;
				CLANG_WARN_INT_CONVERSION = YES;
				CLANG_WARN_NON_LITERAL_NULL_CONVERSION = YES;
				CLANG_WARN_OBJC_IMPLICIT_RETAIN_SELF = YES;
				CLANG_WARN_OBJC_LITERAL_CONVERSION = YES;
				CLANG_WARN_OBJC_ROOT_CLASS = YES_ERROR;
				CLANG_WARN_QUOTED_INCLUDE_IN_FRAMEWORK_HEADER = YES;
				CLANG_WARN_RANGE_LOOP_ANALYSIS = YES;
				CLANG_WARN_STRICT_PROTOTYPES = YES;
				CLANG_WARN_SUSPICIOUS_MOVE = YES;
				CLANG_WARN_UNGUARDED_AVAILABILITY = YES_AGGRESSIVE;
				CLANG_WARN_UNREACHABLE_CODE = YES;
				CLANG_WARN__DUPLICATE_METHOD_MATCH = YES;
				COPY_PHASE_STRIP = NO;
				DEBUG_INFORMATION_FORMAT = "dwarf-with-dsym";
				ENABLE_NS_ASSERTIONS = NO;
				ENABLE_STRICT_OBJC_MSGSEND = YES;
				GCC_C_LANGUAGE_STANDARD = gnu11;
				GCC_NO_COMMON_BLOCKS = YES;
				GCC_WARN_64_TO_32_BIT_CONVERSION = YES;
				GCC_WARN_ABOUT_RETURN_TYPE = YES_ERROR;
				GCC_WARN_UNDECLARED_SELECTOR = YES;
				GCC_WARN_UNINITIALIZED_AUTOS = YES_AGGRESSIVE;
				GCC_WARN_UNUSED_FUNCTION = YES;
				GCC_WARN_UNUSED_VARIABLE = YES;
				IPHONEOS_DEPLOYMENT_TARGET = 15.0;
				MTL_ENABLE_DEBUG_INFO = NO;
				MTL_FAST_MATH = YES;
				SDKROOT = iphoneos;
				SWIFT_COMPILATION_MODE = wholemodule;
				SWIFT_OPTIMIZATION_LEVEL = "-O";
				VALIDATE_PRODUCT = YES;
			};
			name = Release;
		};
		11A427B8277AB51400570E8F /* Debug */ = {
			isa = XCBuildConfiguration;
			baseConfigurationReference = 9977F7A630D2019EE42B5A6C /* Pods-BlackCow.debug.xcconfig */;
			buildSettings = {
				ASSETCATALOG_COMPILER_APPICON_NAME = AppIcon;
				ASSETCATALOG_COMPILER_GLOBAL_ACCENT_COLOR_NAME = AccentColor;
				CODE_SIGN_ENTITLEMENTS = BlackCow/BlackCow.entitlements;
				CODE_SIGN_STYLE = Automatic;
				CURRENT_PROJECT_VERSION = 1;
				DEVELOPMENT_ASSET_PATHS = "\"BlackCow/Preview Content\"";
				DEVELOPMENT_TEAM = CSE9343A58;
				ENABLE_PREVIEWS = YES;
				GENERATE_INFOPLIST_FILE = YES;
				INFOPLIST_FILE = BlackCow/Info.plist;
				INFOPLIST_KEY_UIApplicationSceneManifest_Generation = YES;
				INFOPLIST_KEY_UIApplicationSupportsIndirectInputEvents = YES;
				INFOPLIST_KEY_UILaunchScreen_Generation = YES;
				INFOPLIST_KEY_UISupportedInterfaceOrientations_iPad = "UIInterfaceOrientationPortrait UIInterfaceOrientationPortraitUpsideDown UIInterfaceOrientationLandscapeLeft UIInterfaceOrientationLandscapeRight";
				INFOPLIST_KEY_UISupportedInterfaceOrientations_iPhone = "UIInterfaceOrientationPortrait UIInterfaceOrientationLandscapeLeft UIInterfaceOrientationLandscapeRight";
				LD_RUNPATH_SEARCH_PATHS = (
					"$(inherited)",
					"@executable_path/Frameworks",
				);
				MARKETING_VERSION = 1.0;
				PRODUCT_BUNDLE_IDENTIFIER = frontyard.BlackCow;
				PRODUCT_NAME = "$(TARGET_NAME)";
				SWIFT_EMIT_LOC_STRINGS = YES;
				SWIFT_VERSION = 5.0;
				TARGETED_DEVICE_FAMILY = 1;
			};
			name = Debug;
		};
		11A427B9277AB51400570E8F /* Release */ = {
			isa = XCBuildConfiguration;
			baseConfigurationReference = ABB18398472A22D3CE9C730F /* Pods-BlackCow.release.xcconfig */;
			buildSettings = {
				ASSETCATALOG_COMPILER_APPICON_NAME = AppIcon;
				ASSETCATALOG_COMPILER_GLOBAL_ACCENT_COLOR_NAME = AccentColor;
				CODE_SIGN_ENTITLEMENTS = BlackCow/BlackCow.entitlements;
				CODE_SIGN_STYLE = Automatic;
				CURRENT_PROJECT_VERSION = 1;
				DEVELOPMENT_ASSET_PATHS = "\"BlackCow/Preview Content\"";
				DEVELOPMENT_TEAM = CSE9343A58;
				ENABLE_PREVIEWS = YES;
				GENERATE_INFOPLIST_FILE = YES;
				INFOPLIST_FILE = BlackCow/Info.plist;
				INFOPLIST_KEY_UIApplicationSceneManifest_Generation = YES;
				INFOPLIST_KEY_UIApplicationSupportsIndirectInputEvents = YES;
				INFOPLIST_KEY_UILaunchScreen_Generation = YES;
				INFOPLIST_KEY_UISupportedInterfaceOrientations_iPad = "UIInterfaceOrientationPortrait UIInterfaceOrientationPortraitUpsideDown UIInterfaceOrientationLandscapeLeft UIInterfaceOrientationLandscapeRight";
				INFOPLIST_KEY_UISupportedInterfaceOrientations_iPhone = "UIInterfaceOrientationPortrait UIInterfaceOrientationLandscapeLeft UIInterfaceOrientationLandscapeRight";
				LD_RUNPATH_SEARCH_PATHS = (
					"$(inherited)",
					"@executable_path/Frameworks",
				);
				MARKETING_VERSION = 1.0;
				PRODUCT_BUNDLE_IDENTIFIER = frontyard.BlackCow;
				PRODUCT_NAME = "$(TARGET_NAME)";
				SWIFT_EMIT_LOC_STRINGS = YES;
				SWIFT_VERSION = 5.0;
				TARGETED_DEVICE_FAMILY = 1;
			};
			name = Release;
		};
/* End XCBuildConfiguration section */

/* Begin XCConfigurationList section */
		11A427A4277AB51000570E8F /* Build configuration list for PBXProject "BlackCow" */ = {
			isa = XCConfigurationList;
			buildConfigurations = (
				11A427B5277AB51400570E8F /* Debug */,
				11A427B6277AB51400570E8F /* Release */,
			);
			defaultConfigurationIsVisible = 0;
			defaultConfigurationName = Release;
		};
		11A427B7277AB51400570E8F /* Build configuration list for PBXNativeTarget "BlackCow" */ = {
			isa = XCConfigurationList;
			buildConfigurations = (
				11A427B8277AB51400570E8F /* Debug */,
				11A427B9277AB51400570E8F /* Release */,
			);
			defaultConfigurationIsVisible = 0;
			defaultConfigurationName = Release;
		};
/* End XCConfigurationList section */
	};
	rootObject = 11A427A1277AB51000570E8F /* Project object */;
}
