// !$*UTF8*$!
{
	archiveVersion = 1;
	classes = {
	};
	objectVersion = 55;
	objects = {

/* Begin PBXBuildFile section */
		111E1940286111F10021FEE8 /* CryptoAppApp.swift in Sources */ = {isa = PBXBuildFile; fileRef = 111E193F286111F10021FEE8 /* CryptoAppApp.swift */; };
		111E1942286111F10021FEE8 /* ContentView.swift in Sources */ = {isa = PBXBuildFile; fileRef = 111E1941286111F10021FEE8 /* ContentView.swift */; };
		111E1944286111F20021FEE8 /* Assets.xcassets in Resources */ = {isa = PBXBuildFile; fileRef = 111E1943286111F20021FEE8 /* Assets.xcassets */; };
		111E1947286111F20021FEE8 /* Preview Assets.xcassets in Resources */ = {isa = PBXBuildFile; fileRef = 111E1946286111F20021FEE8 /* Preview Assets.xcassets */; };
		111E195C28611DA50021FEE8 /* Color.swift in Sources */ = {isa = PBXBuildFile; fileRef = 111E195B28611DA50021FEE8 /* Color.swift */; };
		111E196328611E060021FEE8 /* HomeView.swift in Sources */ = {isa = PBXBuildFile; fileRef = 111E196228611E060021FEE8 /* HomeView.swift */; };
		111E1967286155C70021FEE8 /* CircleButtonView.swift in Sources */ = {isa = PBXBuildFile; fileRef = 111E1966286155C70021FEE8 /* CircleButtonView.swift */; };
		111E1969286158170021FEE8 /* CirculeButtonAnimationView.swift in Sources */ = {isa = PBXBuildFile; fileRef = 111E1968286158170021FEE8 /* CirculeButtonAnimationView.swift */; };
		111E196C28615EEB0021FEE8 /* CoinModel.swift in Sources */ = {isa = PBXBuildFile; fileRef = 111E196B28615EEB0021FEE8 /* CoinModel.swift */; };
		111E197228640BBA0021FEE8 /* CoinRowView.swift in Sources */ = {isa = PBXBuildFile; fileRef = 111E197128640BBA0021FEE8 /* CoinRowView.swift */; };
		111E197428640BFB0021FEE8 /* PreviewProvider.swift in Sources */ = {isa = PBXBuildFile; fileRef = 111E197328640BFB0021FEE8 /* PreviewProvider.swift */; };
		111E197628640F590021FEE8 /* Double.swift in Sources */ = {isa = PBXBuildFile; fileRef = 111E197528640F590021FEE8 /* Double.swift */; };
		111E19792867E7AA0021FEE8 /* HomeViewModel.swift in Sources */ = {isa = PBXBuildFile; fileRef = 111E19782867E7AA0021FEE8 /* HomeViewModel.swift */; };
		111E197C286E8B0B0021FEE8 /* CoinDataService.swift in Sources */ = {isa = PBXBuildFile; fileRef = 111E197B286E8B0B0021FEE8 /* CoinDataService.swift */; };
/* End PBXBuildFile section */

/* Begin PBXFileReference section */
		111E193C286111F10021FEE8 /* CryptoApp.app */ = {isa = PBXFileReference; explicitFileType = wrapper.application; includeInIndex = 0; path = CryptoApp.app; sourceTree = BUILT_PRODUCTS_DIR; };
		111E193F286111F10021FEE8 /* CryptoAppApp.swift */ = {isa = PBXFileReference; lastKnownFileType = sourcecode.swift; path = CryptoAppApp.swift; sourceTree = "<group>"; };
		111E1941286111F10021FEE8 /* ContentView.swift */ = {isa = PBXFileReference; lastKnownFileType = sourcecode.swift; path = ContentView.swift; sourceTree = "<group>"; };
		111E1943286111F20021FEE8 /* Assets.xcassets */ = {isa = PBXFileReference; lastKnownFileType = folder.assetcatalog; path = Assets.xcassets; sourceTree = "<group>"; };
		111E1946286111F20021FEE8 /* Preview Assets.xcassets */ = {isa = PBXFileReference; lastKnownFileType = folder.assetcatalog; path = "Preview Assets.xcassets"; sourceTree = "<group>"; };
		111E195B28611DA50021FEE8 /* Color.swift */ = {isa = PBXFileReference; lastKnownFileType = sourcecode.swift; path = Color.swift; sourceTree = "<group>"; };
		111E196228611E060021FEE8 /* HomeView.swift */ = {isa = PBXFileReference; lastKnownFileType = sourcecode.swift; path = HomeView.swift; sourceTree = "<group>"; };
		111E1966286155C70021FEE8 /* CircleButtonView.swift */ = {isa = PBXFileReference; lastKnownFileType = sourcecode.swift; path = CircleButtonView.swift; sourceTree = "<group>"; };
		111E1968286158170021FEE8 /* CirculeButtonAnimationView.swift */ = {isa = PBXFileReference; lastKnownFileType = sourcecode.swift; path = CirculeButtonAnimationView.swift; sourceTree = "<group>"; };
		111E196B28615EEB0021FEE8 /* CoinModel.swift */ = {isa = PBXFileReference; lastKnownFileType = sourcecode.swift; path = CoinModel.swift; sourceTree = "<group>"; };
		111E197128640BBA0021FEE8 /* CoinRowView.swift */ = {isa = PBXFileReference; lastKnownFileType = sourcecode.swift; path = CoinRowView.swift; sourceTree = "<group>"; };
		111E197328640BFB0021FEE8 /* PreviewProvider.swift */ = {isa = PBXFileReference; lastKnownFileType = sourcecode.swift; path = PreviewProvider.swift; sourceTree = "<group>"; };
		111E197528640F590021FEE8 /* Double.swift */ = {isa = PBXFileReference; lastKnownFileType = sourcecode.swift; path = Double.swift; sourceTree = "<group>"; };
		111E19782867E7AA0021FEE8 /* HomeViewModel.swift */ = {isa = PBXFileReference; lastKnownFileType = sourcecode.swift; path = HomeViewModel.swift; sourceTree = "<group>"; };
		111E197B286E8B0B0021FEE8 /* CoinDataService.swift */ = {isa = PBXFileReference; lastKnownFileType = sourcecode.swift; path = CoinDataService.swift; sourceTree = "<group>"; };
/* End PBXFileReference section */

/* Begin PBXFrameworksBuildPhase section */
		111E1939286111F10021FEE8 /* Frameworks */ = {
			isa = PBXFrameworksBuildPhase;
			buildActionMask = 2147483647;
			files = (
			);
			runOnlyForDeploymentPostprocessing = 0;
		};
/* End PBXFrameworksBuildPhase section */

/* Begin PBXGroup section */
		111E1933286111F10021FEE8 = {
			isa = PBXGroup;
			children = (
				111E193E286111F10021FEE8 /* CryptoApp */,
				111E193D286111F10021FEE8 /* Products */,
			);
			sourceTree = "<group>";
		};
		111E193D286111F10021FEE8 /* Products */ = {
			isa = PBXGroup;
			children = (
				111E193C286111F10021FEE8 /* CryptoApp.app */,
			);
			name = Products;
			sourceTree = "<group>";
		};
		111E193E286111F10021FEE8 /* CryptoApp */ = {
			isa = PBXGroup;
			children = (
				111E197D2870E5F40021FEE8 /* Utilities */,
				111E197A286E8AFD0021FEE8 /* Service */,
				111E196A28615ED20021FEE8 /* Models */,
				111E195D28611DCD0021FEE8 /* Core */,
				111E195A28611D900021FEE8 /* Extentions */,
				111E193F286111F10021FEE8 /* CryptoAppApp.swift */,
				111E1941286111F10021FEE8 /* ContentView.swift */,
				111E1943286111F20021FEE8 /* Assets.xcassets */,
				111E1945286111F20021FEE8 /* Preview Content */,
			);
			path = CryptoApp;
			sourceTree = "<group>";
		};
		111E1945286111F20021FEE8 /* Preview Content */ = {
			isa = PBXGroup;
			children = (
				111E1946286111F20021FEE8 /* Preview Assets.xcassets */,
			);
			path = "Preview Content";
			sourceTree = "<group>";
		};
		111E195A28611D900021FEE8 /* Extentions */ = {
			isa = PBXGroup;
			children = (
				111E195B28611DA50021FEE8 /* Color.swift */,
				111E197328640BFB0021FEE8 /* PreviewProvider.swift */,
				111E197528640F590021FEE8 /* Double.swift */,
			);
			name = Extentions;
			path = ../Extentions;
			sourceTree = "<group>";
		};
		111E195D28611DCD0021FEE8 /* Core */ = {
			isa = PBXGroup;
			children = (
				111E196D28640B7B0021FEE8 /* Home */,
				111E1964286155AE0021FEE8 /* Components */,
			);
			name = Core;
			path = ../Core;
			sourceTree = "<group>";
		};
		111E1964286155AE0021FEE8 /* Components */ = {
			isa = PBXGroup;
			children = (
				111E1965286155B60021FEE8 /* CircleButton */,
			);
			path = Components;
			sourceTree = "<group>";
		};
		111E1965286155B60021FEE8 /* CircleButton */ = {
			isa = PBXGroup;
			children = (
				111E1966286155C70021FEE8 /* CircleButtonView.swift */,
				111E1968286158170021FEE8 /* CirculeButtonAnimationView.swift */,
			);
			path = CircleButton;
			sourceTree = "<group>";
		};
		111E196A28615ED20021FEE8 /* Models */ = {
			isa = PBXGroup;
			children = (
				111E196B28615EEB0021FEE8 /* CoinModel.swift */,
			);
			path = Models;
			sourceTree = "<group>";
		};
		111E196D28640B7B0021FEE8 /* Home */ = {
			isa = PBXGroup;
			children = (
				111E19772867E79C0021FEE8 /* ViewModels */,
				111E196E28640B930021FEE8 /* Views */,
			);
			path = Home;
			sourceTree = "<group>";
		};
		111E196E28640B930021FEE8 /* Views */ = {
			isa = PBXGroup;
			children = (
				111E196228611E060021FEE8 /* HomeView.swift */,
				111E197128640BBA0021FEE8 /* CoinRowView.swift */,
			);
			path = Views;
			sourceTree = "<group>";
		};
		111E19772867E79C0021FEE8 /* ViewModels */ = {
			isa = PBXGroup;
			children = (
				111E19782867E7AA0021FEE8 /* HomeViewModel.swift */,
			);
			path = ViewModels;
			sourceTree = "<group>";
		};
		111E197A286E8AFD0021FEE8 /* Service */ = {
			isa = PBXGroup;
			children = (
				111E197B286E8B0B0021FEE8 /* CoinDataService.swift */,
			);
			path = Service;
			sourceTree = "<group>";
		};
		111E197D2870E5F40021FEE8 /* Utilities */ = {
			isa = PBXGroup;
			children = (
			);
			path = Utilities;
			sourceTree = "<group>";
		};
/* End PBXGroup section */

/* Begin PBXNativeTarget section */
		111E193B286111F10021FEE8 /* CryptoApp */ = {
			isa = PBXNativeTarget;
			buildConfigurationList = 111E194A286111F20021FEE8 /* Build configuration list for PBXNativeTarget "CryptoApp" */;
			buildPhases = (
				111E1938286111F10021FEE8 /* Sources */,
				111E1939286111F10021FEE8 /* Frameworks */,
				111E193A286111F10021FEE8 /* Resources */,
			);
			buildRules = (
			);
			dependencies = (
			);
			name = CryptoApp;
			productName = CryptoApp;
			productReference = 111E193C286111F10021FEE8 /* CryptoApp.app */;
			productType = "com.apple.product-type.application";
		};
/* End PBXNativeTarget section */

/* Begin PBXProject section */
		111E1934286111F10021FEE8 /* Project object */ = {
			isa = PBXProject;
			attributes = {
				BuildIndependentTargetsInParallel = 1;
				LastSwiftUpdateCheck = 1340;
				LastUpgradeCheck = 1340;
				TargetAttributes = {
					111E193B286111F10021FEE8 = {
						CreatedOnToolsVersion = 13.4.1;
					};
				};
			};
			buildConfigurationList = 111E1937286111F10021FEE8 /* Build configuration list for PBXProject "CryptoApp" */;
			compatibilityVersion = "Xcode 13.0";
			developmentRegion = en;
			hasScannedForEncodings = 0;
			knownRegions = (
				en,
				Base,
			);
			mainGroup = 111E1933286111F10021FEE8;
			productRefGroup = 111E193D286111F10021FEE8 /* Products */;
			projectDirPath = "";
			projectRoot = "";
			targets = (
				111E193B286111F10021FEE8 /* CryptoApp */,
			);
		};
/* End PBXProject section */

/* Begin PBXResourcesBuildPhase section */
		111E193A286111F10021FEE8 /* Resources */ = {
			isa = PBXResourcesBuildPhase;
			buildActionMask = 2147483647;
			files = (
				111E1947286111F20021FEE8 /* Preview Assets.xcassets in Resources */,
				111E1944286111F20021FEE8 /* Assets.xcassets in Resources */,
			);
			runOnlyForDeploymentPostprocessing = 0;
		};
/* End PBXResourcesBuildPhase section */

/* Begin PBXSourcesBuildPhase section */
		111E1938286111F10021FEE8 /* Sources */ = {
			isa = PBXSourcesBuildPhase;
			buildActionMask = 2147483647;
			files = (
				111E197C286E8B0B0021FEE8 /* CoinDataService.swift in Sources */,
				111E197228640BBA0021FEE8 /* CoinRowView.swift in Sources */,
				111E19792867E7AA0021FEE8 /* HomeViewModel.swift in Sources */,
				111E1969286158170021FEE8 /* CirculeButtonAnimationView.swift in Sources */,
				111E1942286111F10021FEE8 /* ContentView.swift in Sources */,
				111E196328611E060021FEE8 /* HomeView.swift in Sources */,
				111E1940286111F10021FEE8 /* CryptoAppApp.swift in Sources */,
				111E1967286155C70021FEE8 /* CircleButtonView.swift in Sources */,
				111E195C28611DA50021FEE8 /* Color.swift in Sources */,
				111E197428640BFB0021FEE8 /* PreviewProvider.swift in Sources */,
				111E197628640F590021FEE8 /* Double.swift in Sources */,
				111E196C28615EEB0021FEE8 /* CoinModel.swift in Sources */,
			);
			runOnlyForDeploymentPostprocessing = 0;
		};
/* End PBXSourcesBuildPhase section */

/* Begin XCBuildConfiguration section */
		111E1948286111F20021FEE8 /* Debug */ = {
			isa = XCBuildConfiguration;
			buildSettings = {
				ALWAYS_SEARCH_USER_PATHS = NO;
				CLANG_ANALYZER_NONNULL = YES;
				CLANG_ANALYZER_NUMBER_OBJECT_CONVERSION = YES_AGGRESSIVE;
				CLANG_CXX_LANGUAGE_STANDARD = "gnu++17";
				CLANG_ENABLE_MODULES = YES;
				CLANG_ENABLE_OBJC_ARC = YES;
				CLANG_ENABLE_OBJC_WEAK = YES;
				CLANG_WARN_BLOCK_CAPTURE_AUTORELEASING = YES;
				CLANG_WARN_BOOL_CONVERSION = YES;
				CLANG_WARN_COMMA = YES;
				CLANG_WARN_CONSTANT_CONVERSION = YES;
				CLANG_WARN_DEPRECATED_OBJC_IMPLEMENTATIONS = YES;
				CLANG_WARN_DIRECT_OBJC_ISA_USAGE = YES_ERROR;
				CLANG_WARN_DOCUMENTATION_COMMENTS = YES;
				CLANG_WARN_EMPTY_BODY = YES;
				CLANG_WARN_ENUM_CONVERSION = YES;
				CLANG_WARN_INFINITE_RECURSION = YES;
				CLANG_WARN_INT_CONVERSION = YES;
				CLANG_WARN_NON_LITERAL_NULL_CONVERSION = YES;
				CLANG_WARN_OBJC_IMPLICIT_RETAIN_SELF = YES;
				CLANG_WARN_OBJC_LITERAL_CONVERSION = YES;
				CLANG_WARN_OBJC_ROOT_CLASS = YES_ERROR;
				CLANG_WARN_QUOTED_INCLUDE_IN_FRAMEWORK_HEADER = YES;
				CLANG_WARN_RANGE_LOOP_ANALYSIS = YES;
				CLANG_WARN_STRICT_PROTOTYPES = YES;
				CLANG_WARN_SUSPICIOUS_MOVE = YES;
				CLANG_WARN_UNGUARDED_AVAILABILITY = YES_AGGRESSIVE;
				CLANG_WARN_UNREACHABLE_CODE = YES;
				CLANG_WARN__DUPLICATE_METHOD_MATCH = YES;
				COPY_PHASE_STRIP = NO;
				DEBUG_INFORMATION_FORMAT = dwarf;
				ENABLE_STRICT_OBJC_MSGSEND = YES;
				ENABLE_TESTABILITY = YES;
				GCC_C_LANGUAGE_STANDARD = gnu11;
				GCC_DYNAMIC_NO_PIC = NO;
				GCC_NO_COMMON_BLOCKS = YES;
				GCC_OPTIMIZATION_LEVEL = 0;
				GCC_PREPROCESSOR_DEFINITIONS = (
					"DEBUG=1",
					"$(inherited)",
				);
				GCC_WARN_64_TO_32_BIT_CONVERSION = YES;
				GCC_WARN_ABOUT_RETURN_TYPE = YES_ERROR;
				GCC_WARN_UNDECLARED_SELECTOR = YES;
				GCC_WARN_UNINITIALIZED_AUTOS = YES_AGGRESSIVE;
				GCC_WARN_UNUSED_FUNCTION = YES;
				GCC_WARN_UNUSED_VARIABLE = YES;
				IPHONEOS_DEPLOYMENT_TARGET = 15.5;
				MTL_ENABLE_DEBUG_INFO = INCLUDE_SOURCE;
				MTL_FAST_MATH = YES;
				ONLY_ACTIVE_ARCH = YES;
				SDKROOT = iphoneos;
				SWIFT_ACTIVE_COMPILATION_CONDITIONS = DEBUG;
				SWIFT_OPTIMIZATION_LEVEL = "-Onone";
			};
			name = Debug;
		};
		111E1949286111F20021FEE8 /* Release */ = {
			isa = XCBuildConfiguration;
			buildSettings = {
				ALWAYS_SEARCH_USER_PATHS = NO;
				CLANG_ANALYZER_NONNULL = YES;
				CLANG_ANALYZER_NUMBER_OBJECT_CONVERSION = YES_AGGRESSIVE;
				CLANG_CXX_LANGUAGE_STANDARD = "gnu++17";
				CLANG_ENABLE_MODULES = YES;
				CLANG_ENABLE_OBJC_ARC = YES;
				CLANG_ENABLE_OBJC_WEAK = YES;
				CLANG_WARN_BLOCK_CAPTURE_AUTORELEASING = YES;
				CLANG_WARN_BOOL_CONVERSION = YES;
				CLANG_WARN_COMMA = YES;
				CLANG_WARN_CONSTANT_CONVERSION = YES;
				CLANG_WARN_DEPRECATED_OBJC_IMPLEMENTATIONS = YES;
				CLANG_WARN_DIRECT_OBJC_ISA_USAGE = YES_ERROR;
				CLANG_WARN_DOCUMENTATION_COMMENTS = YES;
				CLANG_WARN_EMPTY_BODY = YES;
				CLANG_WARN_ENUM_CONVERSION = YES;
				CLANG_WARN_INFINITE_RECURSION = YES;
				CLANG_WARN_INT_CONVERSION = YES;
				CLANG_WARN_NON_LITERAL_NULL_CONVERSION = YES;
				CLANG_WARN_OBJC_IMPLICIT_RETAIN_SELF = YES;
				CLANG_WARN_OBJC_LITERAL_CONVERSION = YES;
				CLANG_WARN_OBJC_ROOT_CLASS = YES_ERROR;
				CLANG_WARN_QUOTED_INCLUDE_IN_FRAMEWORK_HEADER = YES;
				CLANG_WARN_RANGE_LOOP_ANALYSIS = YES;
				CLANG_WARN_STRICT_PROTOTYPES = YES;
				CLANG_WARN_SUSPICIOUS_MOVE = YES;
				CLANG_WARN_UNGUARDED_AVAILABILITY = YES_AGGRESSIVE;
				CLANG_WARN_UNREACHABLE_CODE = YES;
				CLANG_WARN__DUPLICATE_METHOD_MATCH = YES;
				COPY_PHASE_STRIP = NO;
				DEBUG_INFORMATION_FORMAT = "dwarf-with-dsym";
				ENABLE_NS_ASSERTIONS = NO;
				ENABLE_STRICT_OBJC_MSGSEND = YES;
				GCC_C_LANGUAGE_STANDARD = gnu11;
				GCC_NO_COMMON_BLOCKS = YES;
				GCC_WARN_64_TO_32_BIT_CONVERSION = YES;
				GCC_WARN_ABOUT_RETURN_TYPE = YES_ERROR;
				GCC_WARN_UNDECLARED_SELECTOR = YES;
				GCC_WARN_UNINITIALIZED_AUTOS = YES_AGGRESSIVE;
				GCC_WARN_UNUSED_FUNCTION = YES;
				GCC_WARN_UNUSED_VARIABLE = YES;
				IPHONEOS_DEPLOYMENT_TARGET = 15.5;
				MTL_ENABLE_DEBUG_INFO = NO;
				MTL_FAST_MATH = YES;
				SDKROOT = iphoneos;
				SWIFT_COMPILATION_MODE = wholemodule;
				SWIFT_OPTIMIZATION_LEVEL = "-O";
				VALIDATE_PRODUCT = YES;
			};
			name = Release;
		};
		111E194B286111F20021FEE8 /* Debug */ = {
			isa = XCBuildConfiguration;
			buildSettings = {
				ASSETCATALOG_COMPILER_APPICON_NAME = AppIcon;
				ASSETCATALOG_COMPILER_GLOBAL_ACCENT_COLOR_NAME = AccentColor;
				CODE_SIGN_STYLE = Automatic;
				CURRENT_PROJECT_VERSION = 1;
				DEVELOPMENT_ASSET_PATHS = "\"CryptoApp/Preview Content\"";
				DEVELOPMENT_TEAM = CSE9343A58;
				ENABLE_PREVIEWS = YES;
				GENERATE_INFOPLIST_FILE = YES;
				INFOPLIST_KEY_UIApplicationSceneManifest_Generation = YES;
				INFOPLIST_KEY_UIApplicationSupportsIndirectInputEvents = YES;
				INFOPLIST_KEY_UILaunchScreen_Generation = YES;
				INFOPLIST_KEY_UISupportedInterfaceOrientations = UIInterfaceOrientationPortrait;
				INFOPLIST_KEY_UISupportedInterfaceOrientations_iPad = "UIInterfaceOrientationPortrait UIInterfaceOrientationPortraitUpsideDown UIInterfaceOrientationLandscapeLeft UIInterfaceOrientationLandscapeRight";
				INFOPLIST_KEY_UISupportedInterfaceOrientations_iPhone = "UIInterfaceOrientationPortrait UIInterfaceOrientationLandscapeLeft UIInterfaceOrientationLandscapeRight";
				LD_RUNPATH_SEARCH_PATHS = (
					"$(inherited)",
					"@executable_path/Frameworks",
				);
				MARKETING_VERSION = 1.0;
				PRODUCT_BUNDLE_IDENTIFIER = dsyang.CryptoApp;
				PRODUCT_NAME = "$(TARGET_NAME)";
				SWIFT_EMIT_LOC_STRINGS = YES;
				SWIFT_VERSION = 5.0;
				TARGETED_DEVICE_FAMILY = "1,2";
			};
			name = Debug;
		};
		111E194C286111F20021FEE8 /* Release */ = {
			isa = XCBuildConfiguration;
			buildSettings = {
				ASSETCATALOG_COMPILER_APPICON_NAME = AppIcon;
				ASSETCATALOG_COMPILER_GLOBAL_ACCENT_COLOR_NAME = AccentColor;
				CODE_SIGN_STYLE = Automatic;
				CURRENT_PROJECT_VERSION = 1;
				DEVELOPMENT_ASSET_PATHS = "\"CryptoApp/Preview Content\"";
				DEVELOPMENT_TEAM = CSE9343A58;
				ENABLE_PREVIEWS = YES;
				GENERATE_INFOPLIST_FILE = YES;
				INFOPLIST_KEY_UIApplicationSceneManifest_Generation = YES;
				INFOPLIST_KEY_UIApplicationSupportsIndirectInputEvents = YES;
				INFOPLIST_KEY_UILaunchScreen_Generation = YES;
				INFOPLIST_KEY_UISupportedInterfaceOrientations = UIInterfaceOrientationPortrait;
				INFOPLIST_KEY_UISupportedInterfaceOrientations_iPad = "UIInterfaceOrientationPortrait UIInterfaceOrientationPortraitUpsideDown UIInterfaceOrientationLandscapeLeft UIInterfaceOrientationLandscapeRight";
				INFOPLIST_KEY_UISupportedInterfaceOrientations_iPhone = "UIInterfaceOrientationPortrait UIInterfaceOrientationLandscapeLeft UIInterfaceOrientationLandscapeRight";
				LD_RUNPATH_SEARCH_PATHS = (
					"$(inherited)",
					"@executable_path/Frameworks",
				);
				MARKETING_VERSION = 1.0;
				PRODUCT_BUNDLE_IDENTIFIER = dsyang.CryptoApp;
				PRODUCT_NAME = "$(TARGET_NAME)";
				SWIFT_EMIT_LOC_STRINGS = YES;
				SWIFT_VERSION = 5.0;
				TARGETED_DEVICE_FAMILY = "1,2";
			};
			name = Release;
		};
/* End XCBuildConfiguration section */

/* Begin XCConfigurationList section */
		111E1937286111F10021FEE8 /* Build configuration list for PBXProject "CryptoApp" */ = {
			isa = XCConfigurationList;
			buildConfigurations = (
				111E1948286111F20021FEE8 /* Debug */,
				111E1949286111F20021FEE8 /* Release */,
			);
			defaultConfigurationIsVisible = 0;
			defaultConfigurationName = Release;
		};
		111E194A286111F20021FEE8 /* Build configuration list for PBXNativeTarget "CryptoApp" */ = {
			isa = XCConfigurationList;
			buildConfigurations = (
				111E194B286111F20021FEE8 /* Debug */,
				111E194C286111F20021FEE8 /* Release */,
			);
			defaultConfigurationIsVisible = 0;
			defaultConfigurationName = Release;
		};
/* End XCConfigurationList section */
	};
	rootObject = 111E1934286111F10021FEE8 /* Project object */;
}
