// !$*UTF8*$!
{
	archiveVersion = 1;
	classes = {
	};
	objectVersion = 55;
	objects = {

/* Begin PBXBuildFile section */
		110733F326FD1DA100DB470B /* instrumentAPPUIApp.swift in Sources */ = {isa = PBXBuildFile; fileRef = 110733F226FD1DA100DB470B /* instrumentAPPUIApp.swift */; };
		110733F526FD1DA100DB470B /* ContentView.swift in Sources */ = {isa = PBXBuildFile; fileRef = 110733F426FD1DA100DB470B /* ContentView.swift */; };
		110733F726FD1DA600DB470B /* Assets.xcassets in Resources */ = {isa = PBXBuildFile; fileRef = 110733F626FD1DA600DB470B /* Assets.xcassets */; };
		110733FA26FD1DA600DB470B /* Preview Assets.xcassets in Resources */ = {isa = PBXBuildFile; fileRef = 110733F926FD1DA600DB470B /* Preview Assets.xcassets */; };
		1107340426FD1DA600DB470B /* instrumentAPPUITests.swift in Sources */ = {isa = PBXBuildFile; fileRef = 1107340326FD1DA600DB470B /* instrumentAPPUITests.swift */; };
		1107340E26FD1DA600DB470B /* instrumentAPPUIUITests.swift in Sources */ = {isa = PBXBuildFile; fileRef = 1107340D26FD1DA600DB470B /* instrumentAPPUIUITests.swift */; };
		1107341026FD1DA600DB470B /* instrumentAPPUIUITestsLaunchTests.swift in Sources */ = {isa = PBXBuildFile; fileRef = 1107340F26FD1DA600DB470B /* instrumentAPPUIUITestsLaunchTests.swift */; };
		1107341E26FD1DCB00DB470B /* BaseView.swift in Sources */ = {isa = PBXBuildFile; fileRef = 1107341D26FD1DCB00DB470B /* BaseView.swift */; };
		1107342026FD218200DB470B /* Home.swift in Sources */ = {isa = PBXBuildFile; fileRef = 1107341F26FD218200DB470B /* Home.swift */; };
		1107342226FD266900DB470B /* CustomTabCurve.swift in Sources */ = {isa = PBXBuildFile; fileRef = 1107342126FD266900DB470B /* CustomTabCurve.swift */; };
		1107342526FFCF3B00DB470B /* Car.swift in Sources */ = {isa = PBXBuildFile; fileRef = 1107342426FFCF3B00DB470B /* Car.swift */; };
/* End PBXBuildFile section */

/* Begin PBXContainerItemProxy section */
		1107340026FD1DA600DB470B /* PBXContainerItemProxy */ = {
			isa = PBXContainerItemProxy;
			containerPortal = 110733E726FD1DA100DB470B /* Project object */;
			proxyType = 1;
			remoteGlobalIDString = 110733EE26FD1DA100DB470B;
			remoteInfo = instrumentAPPUI;
		};
		1107340A26FD1DA600DB470B /* PBXContainerItemProxy */ = {
			isa = PBXContainerItemProxy;
			containerPortal = 110733E726FD1DA100DB470B /* Project object */;
			proxyType = 1;
			remoteGlobalIDString = 110733EE26FD1DA100DB470B;
			remoteInfo = instrumentAPPUI;
		};
/* End PBXContainerItemProxy section */

/* Begin PBXFileReference section */
		110733EF26FD1DA100DB470B /* instrumentAPPUI.app */ = {isa = PBXFileReference; explicitFileType = wrapper.application; includeInIndex = 0; path = instrumentAPPUI.app; sourceTree = BUILT_PRODUCTS_DIR; };
		110733F226FD1DA100DB470B /* instrumentAPPUIApp.swift */ = {isa = PBXFileReference; lastKnownFileType = sourcecode.swift; path = instrumentAPPUIApp.swift; sourceTree = "<group>"; };
		110733F426FD1DA100DB470B /* ContentView.swift */ = {isa = PBXFileReference; lastKnownFileType = sourcecode.swift; path = ContentView.swift; sourceTree = "<group>"; };
		110733F626FD1DA600DB470B /* Assets.xcassets */ = {isa = PBXFileReference; lastKnownFileType = folder.assetcatalog; path = Assets.xcassets; sourceTree = "<group>"; };
		110733F926FD1DA600DB470B /* Preview Assets.xcassets */ = {isa = PBXFileReference; lastKnownFileType = folder.assetcatalog; path = "Preview Assets.xcassets"; sourceTree = "<group>"; };
		110733FF26FD1DA600DB470B /* instrumentAPPUITests.xctest */ = {isa = PBXFileReference; explicitFileType = wrapper.cfbundle; includeInIndex = 0; path = instrumentAPPUITests.xctest; sourceTree = BUILT_PRODUCTS_DIR; };
		1107340326FD1DA600DB470B /* instrumentAPPUITests.swift */ = {isa = PBXFileReference; lastKnownFileType = sourcecode.swift; path = instrumentAPPUITests.swift; sourceTree = "<group>"; };
		1107340926FD1DA600DB470B /* instrumentAPPUIUITests.xctest */ = {isa = PBXFileReference; explicitFileType = wrapper.cfbundle; includeInIndex = 0; path = instrumentAPPUIUITests.xctest; sourceTree = BUILT_PRODUCTS_DIR; };
		1107340D26FD1DA600DB470B /* instrumentAPPUIUITests.swift */ = {isa = PBXFileReference; lastKnownFileType = sourcecode.swift; path = instrumentAPPUIUITests.swift; sourceTree = "<group>"; };
		1107340F26FD1DA600DB470B /* instrumentAPPUIUITestsLaunchTests.swift */ = {isa = PBXFileReference; lastKnownFileType = sourcecode.swift; path = instrumentAPPUIUITestsLaunchTests.swift; sourceTree = "<group>"; };
		1107341D26FD1DCB00DB470B /* BaseView.swift */ = {isa = PBXFileReference; lastKnownFileType = sourcecode.swift; path = BaseView.swift; sourceTree = "<group>"; };
		1107341F26FD218200DB470B /* Home.swift */ = {isa = PBXFileReference; lastKnownFileType = sourcecode.swift; path = Home.swift; sourceTree = "<group>"; };
		1107342126FD266900DB470B /* CustomTabCurve.swift */ = {isa = PBXFileReference; lastKnownFileType = sourcecode.swift; path = CustomTabCurve.swift; sourceTree = "<group>"; };
		1107342426FFCF3B00DB470B /* Car.swift */ = {isa = PBXFileReference; lastKnownFileType = sourcecode.swift; path = Car.swift; sourceTree = "<group>"; };
/* End PBXFileReference section */

/* Begin PBXFrameworksBuildPhase section */
		110733EC26FD1DA100DB470B /* Frameworks */ = {
			isa = PBXFrameworksBuildPhase;
			buildActionMask = 2147483647;
			files = (
			);
			runOnlyForDeploymentPostprocessing = 0;
		};
		110733FC26FD1DA600DB470B /* Frameworks */ = {
			isa = PBXFrameworksBuildPhase;
			buildActionMask = 2147483647;
			files = (
			);
			runOnlyForDeploymentPostprocessing = 0;
		};
		1107340626FD1DA600DB470B /* Frameworks */ = {
			isa = PBXFrameworksBuildPhase;
			buildActionMask = 2147483647;
			files = (
			);
			runOnlyForDeploymentPostprocessing = 0;
		};
/* End PBXFrameworksBuildPhase section */

/* Begin PBXGroup section */
		110733E626FD1DA100DB470B = {
			isa = PBXGroup;
			children = (
				110733F126FD1DA100DB470B /* instrumentAPPUI */,
				1107340226FD1DA600DB470B /* instrumentAPPUITests */,
				1107340C26FD1DA600DB470B /* instrumentAPPUIUITests */,
				110733F026FD1DA100DB470B /* Products */,
			);
			sourceTree = "<group>";
		};
		110733F026FD1DA100DB470B /* Products */ = {
			isa = PBXGroup;
			children = (
				110733EF26FD1DA100DB470B /* instrumentAPPUI.app */,
				110733FF26FD1DA600DB470B /* instrumentAPPUITests.xctest */,
				1107340926FD1DA600DB470B /* instrumentAPPUIUITests.xctest */,
			);
			name = Products;
			sourceTree = "<group>";
		};
		110733F126FD1DA100DB470B /* instrumentAPPUI */ = {
			isa = PBXGroup;
			children = (
				1107342326FFCF2F00DB470B /* Model */,
				1107341C26FD1DB900DB470B /* View */,
				110733F226FD1DA100DB470B /* instrumentAPPUIApp.swift */,
				110733F426FD1DA100DB470B /* ContentView.swift */,
				110733F626FD1DA600DB470B /* Assets.xcassets */,
				110733F826FD1DA600DB470B /* Preview Content */,
			);
			path = instrumentAPPUI;
			sourceTree = "<group>";
		};
		110733F826FD1DA600DB470B /* Preview Content */ = {
			isa = PBXGroup;
			children = (
				110733F926FD1DA600DB470B /* Preview Assets.xcassets */,
			);
			path = "Preview Content";
			sourceTree = "<group>";
		};
		1107340226FD1DA600DB470B /* instrumentAPPUITests */ = {
			isa = PBXGroup;
			children = (
				1107340326FD1DA600DB470B /* instrumentAPPUITests.swift */,
			);
			path = instrumentAPPUITests;
			sourceTree = "<group>";
		};
		1107340C26FD1DA600DB470B /* instrumentAPPUIUITests */ = {
			isa = PBXGroup;
			children = (
				1107340D26FD1DA600DB470B /* instrumentAPPUIUITests.swift */,
				1107340F26FD1DA600DB470B /* instrumentAPPUIUITestsLaunchTests.swift */,
			);
			path = instrumentAPPUIUITests;
			sourceTree = "<group>";
		};
		1107341C26FD1DB900DB470B /* View */ = {
			isa = PBXGroup;
			children = (
				1107341D26FD1DCB00DB470B /* BaseView.swift */,
				1107341F26FD218200DB470B /* Home.swift */,
				1107342126FD266900DB470B /* CustomTabCurve.swift */,
			);
			path = View;
			sourceTree = "<group>";
		};
		1107342326FFCF2F00DB470B /* Model */ = {
			isa = PBXGroup;
			children = (
				1107342426FFCF3B00DB470B /* Car.swift */,
			);
			path = Model;
			sourceTree = "<group>";
		};
/* End PBXGroup section */

/* Begin PBXNativeTarget section */
		110733EE26FD1DA100DB470B /* instrumentAPPUI */ = {
			isa = PBXNativeTarget;
			buildConfigurationList = 1107341326FD1DA600DB470B /* Build configuration list for PBXNativeTarget "instrumentAPPUI" */;
			buildPhases = (
				110733EB26FD1DA100DB470B /* Sources */,
				110733EC26FD1DA100DB470B /* Frameworks */,
				110733ED26FD1DA100DB470B /* Resources */,
			);
			buildRules = (
			);
			dependencies = (
			);
			name = instrumentAPPUI;
			productName = instrumentAPPUI;
			productReference = 110733EF26FD1DA100DB470B /* instrumentAPPUI.app */;
			productType = "com.apple.product-type.application";
		};
		110733FE26FD1DA600DB470B /* instrumentAPPUITests */ = {
			isa = PBXNativeTarget;
			buildConfigurationList = 1107341626FD1DA600DB470B /* Build configuration list for PBXNativeTarget "instrumentAPPUITests" */;
			buildPhases = (
				110733FB26FD1DA600DB470B /* Sources */,
				110733FC26FD1DA600DB470B /* Frameworks */,
				110733FD26FD1DA600DB470B /* Resources */,
			);
			buildRules = (
			);
			dependencies = (
				1107340126FD1DA600DB470B /* PBXTargetDependency */,
			);
			name = instrumentAPPUITests;
			productName = instrumentAPPUITests;
			productReference = 110733FF26FD1DA600DB470B /* instrumentAPPUITests.xctest */;
			productType = "com.apple.product-type.bundle.unit-test";
		};
		1107340826FD1DA600DB470B /* instrumentAPPUIUITests */ = {
			isa = PBXNativeTarget;
			buildConfigurationList = 1107341926FD1DA600DB470B /* Build configuration list for PBXNativeTarget "instrumentAPPUIUITests" */;
			buildPhases = (
				1107340526FD1DA600DB470B /* Sources */,
				1107340626FD1DA600DB470B /* Frameworks */,
				1107340726FD1DA600DB470B /* Resources */,
			);
			buildRules = (
			);
			dependencies = (
				1107340B26FD1DA600DB470B /* PBXTargetDependency */,
			);
			name = instrumentAPPUIUITests;
			productName = instrumentAPPUIUITests;
			productReference = 1107340926FD1DA600DB470B /* instrumentAPPUIUITests.xctest */;
			productType = "com.apple.product-type.bundle.ui-testing";
		};
/* End PBXNativeTarget section */

/* Begin PBXProject section */
		110733E726FD1DA100DB470B /* Project object */ = {
			isa = PBXProject;
			attributes = {
				BuildIndependentTargetsInParallel = 1;
				LastSwiftUpdateCheck = 1300;
				LastUpgradeCheck = 1300;
				TargetAttributes = {
					110733EE26FD1DA100DB470B = {
						CreatedOnToolsVersion = 13.0;
					};
					110733FE26FD1DA600DB470B = {
						CreatedOnToolsVersion = 13.0;
						TestTargetID = 110733EE26FD1DA100DB470B;
					};
					1107340826FD1DA600DB470B = {
						CreatedOnToolsVersion = 13.0;
						TestTargetID = 110733EE26FD1DA100DB470B;
					};
				};
			};
			buildConfigurationList = 110733EA26FD1DA100DB470B /* Build configuration list for PBXProject "instrumentAPPUI" */;
			compatibilityVersion = "Xcode 13.0";
			developmentRegion = en;
			hasScannedForEncodings = 0;
			knownRegions = (
				en,
				Base,
			);
			mainGroup = 110733E626FD1DA100DB470B;
			productRefGroup = 110733F026FD1DA100DB470B /* Products */;
			projectDirPath = "";
			projectRoot = "";
			targets = (
				110733EE26FD1DA100DB470B /* instrumentAPPUI */,
				110733FE26FD1DA600DB470B /* instrumentAPPUITests */,
				1107340826FD1DA600DB470B /* instrumentAPPUIUITests */,
			);
		};
/* End PBXProject section */

/* Begin PBXResourcesBuildPhase section */
		110733ED26FD1DA100DB470B /* Resources */ = {
			isa = PBXResourcesBuildPhase;
			buildActionMask = 2147483647;
			files = (
				110733FA26FD1DA600DB470B /* Preview Assets.xcassets in Resources */,
				110733F726FD1DA600DB470B /* Assets.xcassets in Resources */,
			);
			runOnlyForDeploymentPostprocessing = 0;
		};
		110733FD26FD1DA600DB470B /* Resources */ = {
			isa = PBXResourcesBuildPhase;
			buildActionMask = 2147483647;
			files = (
			);
			runOnlyForDeploymentPostprocessing = 0;
		};
		1107340726FD1DA600DB470B /* Resources */ = {
			isa = PBXResourcesBuildPhase;
			buildActionMask = 2147483647;
			files = (
			);
			runOnlyForDeploymentPostprocessing = 0;
		};
/* End PBXResourcesBuildPhase section */

/* Begin PBXSourcesBuildPhase section */
		110733EB26FD1DA100DB470B /* Sources */ = {
			isa = PBXSourcesBuildPhase;
			buildActionMask = 2147483647;
			files = (
				1107341E26FD1DCB00DB470B /* BaseView.swift in Sources */,
				110733F526FD1DA100DB470B /* ContentView.swift in Sources */,
				1107342526FFCF3B00DB470B /* Car.swift in Sources */,
				1107342026FD218200DB470B /* Home.swift in Sources */,
				1107342226FD266900DB470B /* CustomTabCurve.swift in Sources */,
				110733F326FD1DA100DB470B /* instrumentAPPUIApp.swift in Sources */,
			);
			runOnlyForDeploymentPostprocessing = 0;
		};
		110733FB26FD1DA600DB470B /* Sources */ = {
			isa = PBXSourcesBuildPhase;
			buildActionMask = 2147483647;
			files = (
				1107340426FD1DA600DB470B /* instrumentAPPUITests.swift in Sources */,
			);
			runOnlyForDeploymentPostprocessing = 0;
		};
		1107340526FD1DA600DB470B /* Sources */ = {
			isa = PBXSourcesBuildPhase;
			buildActionMask = 2147483647;
			files = (
				1107340E26FD1DA600DB470B /* instrumentAPPUIUITests.swift in Sources */,
				1107341026FD1DA600DB470B /* instrumentAPPUIUITestsLaunchTests.swift in Sources */,
			);
			runOnlyForDeploymentPostprocessing = 0;
		};
/* End PBXSourcesBuildPhase section */

/* Begin PBXTargetDependency section */
		1107340126FD1DA600DB470B /* PBXTargetDependency */ = {
			isa = PBXTargetDependency;
			target = 110733EE26FD1DA100DB470B /* instrumentAPPUI */;
			targetProxy = 1107340026FD1DA600DB470B /* PBXContainerItemProxy */;
		};
		1107340B26FD1DA600DB470B /* PBXTargetDependency */ = {
			isa = PBXTargetDependency;
			target = 110733EE26FD1DA100DB470B /* instrumentAPPUI */;
			targetProxy = 1107340A26FD1DA600DB470B /* PBXContainerItemProxy */;
		};
/* End PBXTargetDependency section */

/* Begin XCBuildConfiguration section */
		1107341126FD1DA600DB470B /* Debug */ = {
			isa = XCBuildConfiguration;
			buildSettings = {
				ALWAYS_SEARCH_USER_PATHS = NO;
				CLANG_ANALYZER_NONNULL = YES;
				CLANG_ANALYZER_NUMBER_OBJECT_CONVERSION = YES_AGGRESSIVE;
				CLANG_CXX_LANGUAGE_STANDARD = "gnu++17";
				CLANG_CXX_LIBRARY = "libc++";
				CLANG_ENABLE_MODULES = YES;
				CLANG_ENABLE_OBJC_ARC = YES;
				CLANG_ENABLE_OBJC_WEAK = YES;
				CLANG_WARN_BLOCK_CAPTURE_AUTORELEASING = YES;
				CLANG_WARN_BOOL_CONVERSION = YES;
				CLANG_WARN_COMMA = YES;
				CLANG_WARN_CONSTANT_CONVERSION = YES;
				CLANG_WARN_DEPRECATED_OBJC_IMPLEMENTATIONS = YES;
				CLANG_WARN_DIRECT_OBJC_ISA_USAGE = YES_ERROR;
				CLANG_WARN_DOCUMENTATION_COMMENTS = YES;
				CLANG_WARN_EMPTY_BODY = YES;
				CLANG_WARN_ENUM_CONVERSION = YES;
				CLANG_WARN_INFINITE_RECURSION = YES;
				CLANG_WARN_INT_CONVERSION = YES;
				CLANG_WARN_NON_LITERAL_NULL_CONVERSION = YES;
				CLANG_WARN_OBJC_IMPLICIT_RETAIN_SELF = YES;
				CLANG_WARN_OBJC_LITERAL_CONVERSION = YES;
				CLANG_WARN_OBJC_ROOT_CLASS = YES_ERROR;
				CLANG_WARN_QUOTED_INCLUDE_IN_FRAMEWORK_HEADER = YES;
				CLANG_WARN_RANGE_LOOP_ANALYSIS = YES;
				CLANG_WARN_STRICT_PROTOTYPES = YES;
				CLANG_WARN_SUSPICIOUS_MOVE = YES;
				CLANG_WARN_UNGUARDED_AVAILABILITY = YES_AGGRESSIVE;
				CLANG_WARN_UNREACHABLE_CODE = YES;
				CLANG_WARN__DUPLICATE_METHOD_MATCH = YES;
				COPY_PHASE_STRIP = NO;
				DEBUG_INFORMATION_FORMAT = dwarf;
				ENABLE_STRICT_OBJC_MSGSEND = YES;
				ENABLE_TESTABILITY = YES;
				GCC_C_LANGUAGE_STANDARD = gnu11;
				GCC_DYNAMIC_NO_PIC = NO;
				GCC_NO_COMMON_BLOCKS = YES;
				GCC_OPTIMIZATION_LEVEL = 0;
				GCC_PREPROCESSOR_DEFINITIONS = (
					"DEBUG=1",
					"$(inherited)",
				);
				GCC_WARN_64_TO_32_BIT_CONVERSION = YES;
				GCC_WARN_ABOUT_RETURN_TYPE = YES_ERROR;
				GCC_WARN_UNDECLARED_SELECTOR = YES;
				GCC_WARN_UNINITIALIZED_AUTOS = YES_AGGRESSIVE;
				GCC_WARN_UNUSED_FUNCTION = YES;
				GCC_WARN_UNUSED_VARIABLE = YES;
				IPHONEOS_DEPLOYMENT_TARGET = 15.0;
				MTL_ENABLE_DEBUG_INFO = INCLUDE_SOURCE;
				MTL_FAST_MATH = YES;
				ONLY_ACTIVE_ARCH = YES;
				SDKROOT = iphoneos;
				SWIFT_ACTIVE_COMPILATION_CONDITIONS = DEBUG;
				SWIFT_OPTIMIZATION_LEVEL = "-Onone";
			};
			name = Debug;
		};
		1107341226FD1DA600DB470B /* Release */ = {
			isa = XCBuildConfiguration;
			buildSettings = {
				ALWAYS_SEARCH_USER_PATHS = NO;
				CLANG_ANALYZER_NONNULL = YES;
				CLANG_ANALYZER_NUMBER_OBJECT_CONVERSION = YES_AGGRESSIVE;
				CLANG_CXX_LANGUAGE_STANDARD = "gnu++17";
				CLANG_CXX_LIBRARY = "libc++";
				CLANG_ENABLE_MODULES = YES;
				CLANG_ENABLE_OBJC_ARC = YES;
				CLANG_ENABLE_OBJC_WEAK = YES;
				CLANG_WARN_BLOCK_CAPTURE_AUTORELEASING = YES;
				CLANG_WARN_BOOL_CONVERSION = YES;
				CLANG_WARN_COMMA = YES;
				CLANG_WARN_CONSTANT_CONVERSION = YES;
				CLANG_WARN_DEPRECATED_OBJC_IMPLEMENTATIONS = YES;
				CLANG_WARN_DIRECT_OBJC_ISA_USAGE = YES_ERROR;
				CLANG_WARN_DOCUMENTATION_COMMENTS = YES;
				CLANG_WARN_EMPTY_BODY = YES;
				CLANG_WARN_ENUM_CONVERSION = YES;
				CLANG_WARN_INFINITE_RECURSION = YES;
				CLANG_WARN_INT_CONVERSION = YES;
				CLANG_WARN_NON_LITERAL_NULL_CONVERSION = YES;
				CLANG_WARN_OBJC_IMPLICIT_RETAIN_SELF = YES;
				CLANG_WARN_OBJC_LITERAL_CONVERSION = YES;
				CLANG_WARN_OBJC_ROOT_CLASS = YES_ERROR;
				CLANG_WARN_QUOTED_INCLUDE_IN_FRAMEWORK_HEADER = YES;
				CLANG_WARN_RANGE_LOOP_ANALYSIS = YES;
				CLANG_WARN_STRICT_PROTOTYPES = YES;
				CLANG_WARN_SUSPICIOUS_MOVE = YES;
				CLANG_WARN_UNGUARDED_AVAILABILITY = YES_AGGRESSIVE;
				CLANG_WARN_UNREACHABLE_CODE = YES;
				CLANG_WARN__DUPLICATE_METHOD_MATCH = YES;
				COPY_PHASE_STRIP = NO;
				DEBUG_INFORMATION_FORMAT = "dwarf-with-dsym";
				ENABLE_NS_ASSERTIONS = NO;
				ENABLE_STRICT_OBJC_MSGSEND = YES;
				GCC_C_LANGUAGE_STANDARD = gnu11;
				GCC_NO_COMMON_BLOCKS = YES;
				GCC_WARN_64_TO_32_BIT_CONVERSION = YES;
				GCC_WARN_ABOUT_RETURN_TYPE = YES_ERROR;
				GCC_WARN_UNDECLARED_SELECTOR = YES;
				GCC_WARN_UNINITIALIZED_AUTOS = YES_AGGRESSIVE;
				GCC_WARN_UNUSED_FUNCTION = YES;
				GCC_WARN_UNUSED_VARIABLE = YES;
				IPHONEOS_DEPLOYMENT_TARGET = 15.0;
				MTL_ENABLE_DEBUG_INFO = NO;
				MTL_FAST_MATH = YES;
				SDKROOT = iphoneos;
				SWIFT_COMPILATION_MODE = wholemodule;
				SWIFT_OPTIMIZATION_LEVEL = "-O";
				VALIDATE_PRODUCT = YES;
			};
			name = Release;
		};
		1107341426FD1DA600DB470B /* Debug */ = {
			isa = XCBuildConfiguration;
			buildSettings = {
				ASSETCATALOG_COMPILER_APPICON_NAME = AppIcon;
				ASSETCATALOG_COMPILER_GLOBAL_ACCENT_COLOR_NAME = AccentColor;
				CODE_SIGN_STYLE = Automatic;
				CURRENT_PROJECT_VERSION = 1;
				DEVELOPMENT_ASSET_PATHS = "\"instrumentAPPUI/Preview Content\"";
				DEVELOPMENT_TEAM = CSE9343A58;
				ENABLE_PREVIEWS = YES;
				GENERATE_INFOPLIST_FILE = YES;
				INFOPLIST_KEY_UIApplicationSceneManifest_Generation = YES;
				INFOPLIST_KEY_UIApplicationSupportsIndirectInputEvents = YES;
				INFOPLIST_KEY_UILaunchScreen_Generation = YES;
				INFOPLIST_KEY_UISupportedInterfaceOrientations_iPad = "UIInterfaceOrientationPortrait UIInterfaceOrientationPortraitUpsideDown UIInterfaceOrientationLandscapeLeft UIInterfaceOrientationLandscapeRight";
				INFOPLIST_KEY_UISupportedInterfaceOrientations_iPhone = "UIInterfaceOrientationPortrait UIInterfaceOrientationLandscapeLeft UIInterfaceOrientationLandscapeRight";
				IPHONEOS_DEPLOYMENT_TARGET = 14.0;
				LD_RUNPATH_SEARCH_PATHS = (
					"$(inherited)",
					"@executable_path/Frameworks",
				);
				MARKETING_VERSION = 1.0;
				PRODUCT_BUNDLE_IDENTIFIER = frontyard.instrumentAPPUI;
				PRODUCT_NAME = "$(TARGET_NAME)";
				SWIFT_EMIT_LOC_STRINGS = YES;
				SWIFT_VERSION = 5.0;
				TARGETED_DEVICE_FAMILY = "1,2";
			};
			name = Debug;
		};
		1107341526FD1DA600DB470B /* Release */ = {
			isa = XCBuildConfiguration;
			buildSettings = {
				ASSETCATALOG_COMPILER_APPICON_NAME = AppIcon;
				ASSETCATALOG_COMPILER_GLOBAL_ACCENT_COLOR_NAME = AccentColor;
				CODE_SIGN_STYLE = Automatic;
				CURRENT_PROJECT_VERSION = 1;
				DEVELOPMENT_ASSET_PATHS = "\"instrumentAPPUI/Preview Content\"";
				DEVELOPMENT_TEAM = CSE9343A58;
				ENABLE_PREVIEWS = YES;
				GENERATE_INFOPLIST_FILE = YES;
				INFOPLIST_KEY_UIApplicationSceneManifest_Generation = YES;
				INFOPLIST_KEY_UIApplicationSupportsIndirectInputEvents = YES;
				INFOPLIST_KEY_UILaunchScreen_Generation = YES;
				INFOPLIST_KEY_UISupportedInterfaceOrientations_iPad = "UIInterfaceOrientationPortrait UIInterfaceOrientationPortraitUpsideDown UIInterfaceOrientationLandscapeLeft UIInterfaceOrientationLandscapeRight";
				INFOPLIST_KEY_UISupportedInterfaceOrientations_iPhone = "UIInterfaceOrientationPortrait UIInterfaceOrientationLandscapeLeft UIInterfaceOrientationLandscapeRight";
				IPHONEOS_DEPLOYMENT_TARGET = 14.0;
				LD_RUNPATH_SEARCH_PATHS = (
					"$(inherited)",
					"@executable_path/Frameworks",
				);
				MARKETING_VERSION = 1.0;
				PRODUCT_BUNDLE_IDENTIFIER = frontyard.instrumentAPPUI;
				PRODUCT_NAME = "$(TARGET_NAME)";
				SWIFT_EMIT_LOC_STRINGS = YES;
				SWIFT_VERSION = 5.0;
				TARGETED_DEVICE_FAMILY = "1,2";
			};
			name = Release;
		};
		1107341726FD1DA600DB470B /* Debug */ = {
			isa = XCBuildConfiguration;
			buildSettings = {
				ALWAYS_EMBED_SWIFT_STANDARD_LIBRARIES = YES;
				BUNDLE_LOADER = "$(TEST_HOST)";
				CODE_SIGN_STYLE = Automatic;
				CURRENT_PROJECT_VERSION = 1;
				DEVELOPMENT_TEAM = CSE9343A58;
				GENERATE_INFOPLIST_FILE = YES;
				IPHONEOS_DEPLOYMENT_TARGET = 14.0;
				LD_RUNPATH_SEARCH_PATHS = (
					"$(inherited)",
					"@executable_path/Frameworks",
					"@loader_path/Frameworks",
				);
				MARKETING_VERSION = 1.0;
				PRODUCT_BUNDLE_IDENTIFIER = frontyard.instrumentAPPUITests;
				PRODUCT_NAME = "$(TARGET_NAME)";
				SWIFT_EMIT_LOC_STRINGS = NO;
				SWIFT_VERSION = 5.0;
				TARGETED_DEVICE_FAMILY = "1,2";
				TEST_HOST = "$(BUILT_PRODUCTS_DIR)/instrumentAPPUI.app/instrumentAPPUI";
			};
			name = Debug;
		};
		1107341826FD1DA600DB470B /* Release */ = {
			isa = XCBuildConfiguration;
			buildSettings = {
				ALWAYS_EMBED_SWIFT_STANDARD_LIBRARIES = YES;
				BUNDLE_LOADER = "$(TEST_HOST)";
				CODE_SIGN_STYLE = Automatic;
				CURRENT_PROJECT_VERSION = 1;
				DEVELOPMENT_TEAM = CSE9343A58;
				GENERATE_INFOPLIST_FILE = YES;
				IPHONEOS_DEPLOYMENT_TARGET = 14.0;
				LD_RUNPATH_SEARCH_PATHS = (
					"$(inherited)",
					"@executable_path/Frameworks",
					"@loader_path/Frameworks",
				);
				MARKETING_VERSION = 1.0;
				PRODUCT_BUNDLE_IDENTIFIER = frontyard.instrumentAPPUITests;
				PRODUCT_NAME = "$(TARGET_NAME)";
				SWIFT_EMIT_LOC_STRINGS = NO;
				SWIFT_VERSION = 5.0;
				TARGETED_DEVICE_FAMILY = "1,2";
				TEST_HOST = "$(BUILT_PRODUCTS_DIR)/instrumentAPPUI.app/instrumentAPPUI";
			};
			name = Release;
		};
		1107341A26FD1DA600DB470B /* Debug */ = {
			isa = XCBuildConfiguration;
			buildSettings = {
				ALWAYS_EMBED_SWIFT_STANDARD_LIBRARIES = YES;
				CODE_SIGN_STYLE = Automatic;
				CURRENT_PROJECT_VERSION = 1;
				DEVELOPMENT_TEAM = CSE9343A58;
				GENERATE_INFOPLIST_FILE = YES;
				LD_RUNPATH_SEARCH_PATHS = (
					"$(inherited)",
					"@executable_path/Frameworks",
					"@loader_path/Frameworks",
				);
				MARKETING_VERSION = 1.0;
				PRODUCT_BUNDLE_IDENTIFIER = frontyard.instrumentAPPUIUITests;
				PRODUCT_NAME = "$(TARGET_NAME)";
				SWIFT_EMIT_LOC_STRINGS = NO;
				SWIFT_VERSION = 5.0;
				TARGETED_DEVICE_FAMILY = "1,2";
				TEST_TARGET_NAME = instrumentAPPUI;
			};
			name = Debug;
		};
		1107341B26FD1DA600DB470B /* Release */ = {
			isa = XCBuildConfiguration;
			buildSettings = {
				ALWAYS_EMBED_SWIFT_STANDARD_LIBRARIES = YES;
				CODE_SIGN_STYLE = Automatic;
				CURRENT_PROJECT_VERSION = 1;
				DEVELOPMENT_TEAM = CSE9343A58;
				GENERATE_INFOPLIST_FILE = YES;
				LD_RUNPATH_SEARCH_PATHS = (
					"$(inherited)",
					"@executable_path/Frameworks",
					"@loader_path/Frameworks",
				);
				MARKETING_VERSION = 1.0;
				PRODUCT_BUNDLE_IDENTIFIER = frontyard.instrumentAPPUIUITests;
				PRODUCT_NAME = "$(TARGET_NAME)";
				SWIFT_EMIT_LOC_STRINGS = NO;
				SWIFT_VERSION = 5.0;
				TARGETED_DEVICE_FAMILY = "1,2";
				TEST_TARGET_NAME = instrumentAPPUI;
			};
			name = Release;
		};
/* End XCBuildConfiguration section */

/* Begin XCConfigurationList section */
		110733EA26FD1DA100DB470B /* Build configuration list for PBXProject "instrumentAPPUI" */ = {
			isa = XCConfigurationList;
			buildConfigurations = (
				1107341126FD1DA600DB470B /* Debug */,
				1107341226FD1DA600DB470B /* Release */,
			);
			defaultConfigurationIsVisible = 0;
			defaultConfigurationName = Release;
		};
		1107341326FD1DA600DB470B /* Build configuration list for PBXNativeTarget "instrumentAPPUI" */ = {
			isa = XCConfigurationList;
			buildConfigurations = (
				1107341426FD1DA600DB470B /* Debug */,
				1107341526FD1DA600DB470B /* Release */,
			);
			defaultConfigurationIsVisible = 0;
			defaultConfigurationName = Release;
		};
		1107341626FD1DA600DB470B /* Build configuration list for PBXNativeTarget "instrumentAPPUITests" */ = {
			isa = XCConfigurationList;
			buildConfigurations = (
				1107341726FD1DA600DB470B /* Debug */,
				1107341826FD1DA600DB470B /* Release */,
			);
			defaultConfigurationIsVisible = 0;
			defaultConfigurationName = Release;
		};
		1107341926FD1DA600DB470B /* Build configuration list for PBXNativeTarget "instrumentAPPUIUITests" */ = {
			isa = XCConfigurationList;
			buildConfigurations = (
				1107341A26FD1DA600DB470B /* Debug */,
				1107341B26FD1DA600DB470B /* Release */,
			);
			defaultConfigurationIsVisible = 0;
			defaultConfigurationName = Release;
		};
/* End XCConfigurationList section */
	};
	rootObject = 110733E726FD1DA100DB470B /* Project object */;
}
