// !$*UTF8*$!
{
	archiveVersion = 1;
	classes = {
	};
	objectVersion = 55;
	objects = {

/* Begin PBXBuildFile section */
		11CE551527110D2300EB4DCC /* MusicRecognizationApp.swift in Sources */ = {isa = PBXBuildFile; fileRef = 11CE551427110D2300EB4DCC /* MusicRecognizationApp.swift */; };
		11CE551727110D2300EB4DCC /* ContentView.swift in Sources */ = {isa = PBXBuildFile; fileRef = 11CE551627110D2300EB4DCC /* ContentView.swift */; };
		11CE551927110D2700EB4DCC /* Assets.xcassets in Resources */ = {isa = PBXBuildFile; fileRef = 11CE551827110D2700EB4DCC /* Assets.xcassets */; };
		11CE551C27110D2700EB4DCC /* Preview Assets.xcassets in Resources */ = {isa = PBXBuildFile; fileRef = 11CE551B27110D2700EB4DCC /* Preview Assets.xcassets */; };
		11CE552627110D2700EB4DCC /* MusicRecognizationTests.swift in Sources */ = {isa = PBXBuildFile; fileRef = 11CE552527110D2700EB4DCC /* MusicRecognizationTests.swift */; };
		11CE553027110D2700EB4DCC /* MusicRecognizationUITests.swift in Sources */ = {isa = PBXBuildFile; fileRef = 11CE552F27110D2700EB4DCC /* MusicRecognizationUITests.swift */; };
		11CE553227110D2700EB4DCC /* MusicRecognizationUITestsLaunchTests.swift in Sources */ = {isa = PBXBuildFile; fileRef = 11CE553127110D2700EB4DCC /* MusicRecognizationUITestsLaunchTests.swift */; };
		11CE554427110EFF00EB4DCC /* Home.swift in Sources */ = {isa = PBXBuildFile; fileRef = 11CE554327110EFF00EB4DCC /* Home.swift */; };
		11CE5546271110E200EB4DCC /* ShazamRecognizer.swift in Sources */ = {isa = PBXBuildFile; fileRef = 11CE5545271110E200EB4DCC /* ShazamRecognizer.swift */; };
		11CE55482711113100EB4DCC /* Track.swift in Sources */ = {isa = PBXBuildFile; fileRef = 11CE55472711113100EB4DCC /* Track.swift */; };
/* End PBXBuildFile section */

/* Begin PBXContainerItemProxy section */
		11CE552227110D2700EB4DCC /* PBXContainerItemProxy */ = {
			isa = PBXContainerItemProxy;
			containerPortal = 11CE550927110D2200EB4DCC /* Project object */;
			proxyType = 1;
			remoteGlobalIDString = 11CE551027110D2200EB4DCC;
			remoteInfo = MusicRecognization;
		};
		11CE552C27110D2700EB4DCC /* PBXContainerItemProxy */ = {
			isa = PBXContainerItemProxy;
			containerPortal = 11CE550927110D2200EB4DCC /* Project object */;
			proxyType = 1;
			remoteGlobalIDString = 11CE551027110D2200EB4DCC;
			remoteInfo = MusicRecognization;
		};
/* End PBXContainerItemProxy section */

/* Begin PBXFileReference section */
		11CE551127110D2200EB4DCC /* MusicRecognization.app */ = {isa = PBXFileReference; explicitFileType = wrapper.application; includeInIndex = 0; path = MusicRecognization.app; sourceTree = BUILT_PRODUCTS_DIR; };
		11CE551427110D2300EB4DCC /* MusicRecognizationApp.swift */ = {isa = PBXFileReference; lastKnownFileType = sourcecode.swift; path = MusicRecognizationApp.swift; sourceTree = "<group>"; };
		11CE551627110D2300EB4DCC /* ContentView.swift */ = {isa = PBXFileReference; lastKnownFileType = sourcecode.swift; path = ContentView.swift; sourceTree = "<group>"; };
		11CE551827110D2700EB4DCC /* Assets.xcassets */ = {isa = PBXFileReference; lastKnownFileType = folder.assetcatalog; path = Assets.xcassets; sourceTree = "<group>"; };
		11CE551B27110D2700EB4DCC /* Preview Assets.xcassets */ = {isa = PBXFileReference; lastKnownFileType = folder.assetcatalog; path = "Preview Assets.xcassets"; sourceTree = "<group>"; };
		11CE552127110D2700EB4DCC /* MusicRecognizationTests.xctest */ = {isa = PBXFileReference; explicitFileType = wrapper.cfbundle; includeInIndex = 0; path = MusicRecognizationTests.xctest; sourceTree = BUILT_PRODUCTS_DIR; };
		11CE552527110D2700EB4DCC /* MusicRecognizationTests.swift */ = {isa = PBXFileReference; lastKnownFileType = sourcecode.swift; path = MusicRecognizationTests.swift; sourceTree = "<group>"; };
		11CE552B27110D2700EB4DCC /* MusicRecognizationUITests.xctest */ = {isa = PBXFileReference; explicitFileType = wrapper.cfbundle; includeInIndex = 0; path = MusicRecognizationUITests.xctest; sourceTree = BUILT_PRODUCTS_DIR; };
		11CE552F27110D2700EB4DCC /* MusicRecognizationUITests.swift */ = {isa = PBXFileReference; lastKnownFileType = sourcecode.swift; path = MusicRecognizationUITests.swift; sourceTree = "<group>"; };
		11CE553127110D2700EB4DCC /* MusicRecognizationUITestsLaunchTests.swift */ = {isa = PBXFileReference; lastKnownFileType = sourcecode.swift; path = MusicRecognizationUITestsLaunchTests.swift; sourceTree = "<group>"; };
		11CE553E27110E0900EB4DCC /* MusicRecognization.entitlements */ = {isa = PBXFileReference; lastKnownFileType = text.plist.entitlements; path = MusicRecognization.entitlements; sourceTree = "<group>"; };
		11CE554327110EFF00EB4DCC /* Home.swift */ = {isa = PBXFileReference; lastKnownFileType = sourcecode.swift; path = Home.swift; sourceTree = "<group>"; };
		11CE5545271110E200EB4DCC /* ShazamRecognizer.swift */ = {isa = PBXFileReference; lastKnownFileType = sourcecode.swift; path = ShazamRecognizer.swift; sourceTree = "<group>"; };
		11CE55472711113100EB4DCC /* Track.swift */ = {isa = PBXFileReference; lastKnownFileType = sourcecode.swift; path = Track.swift; sourceTree = "<group>"; };
/* End PBXFileReference section */

/* Begin PBXFrameworksBuildPhase section */
		11CE550E27110D2200EB4DCC /* Frameworks */ = {
			isa = PBXFrameworksBuildPhase;
			buildActionMask = 2147483647;
			files = (
			);
			runOnlyForDeploymentPostprocessing = 0;
		};
		11CE551E27110D2700EB4DCC /* Frameworks */ = {
			isa = PBXFrameworksBuildPhase;
			buildActionMask = 2147483647;
			files = (
			);
			runOnlyForDeploymentPostprocessing = 0;
		};
		11CE552827110D2700EB4DCC /* Frameworks */ = {
			isa = PBXFrameworksBuildPhase;
			buildActionMask = 2147483647;
			files = (
			);
			runOnlyForDeploymentPostprocessing = 0;
		};
/* End PBXFrameworksBuildPhase section */

/* Begin PBXGroup section */
		11CE550827110D2200EB4DCC = {
			isa = PBXGroup;
			children = (
				11CE551327110D2200EB4DCC /* MusicRecognization */,
				11CE552427110D2700EB4DCC /* MusicRecognizationTests */,
				11CE552E27110D2700EB4DCC /* MusicRecognizationUITests */,
				11CE551227110D2200EB4DCC /* Products */,
			);
			sourceTree = "<group>";
		};
		11CE551227110D2200EB4DCC /* Products */ = {
			isa = PBXGroup;
			children = (
				11CE551127110D2200EB4DCC /* MusicRecognization.app */,
				11CE552127110D2700EB4DCC /* MusicRecognizationTests.xctest */,
				11CE552B27110D2700EB4DCC /* MusicRecognizationUITests.xctest */,
			);
			name = Products;
			sourceTree = "<group>";
		};
		11CE551327110D2200EB4DCC /* MusicRecognization */ = {
			isa = PBXGroup;
			children = (
				11CE554227110EF100EB4DCC /* New Group */,
				11CE554127110EEC00EB4DCC /* Model */,
				11CE554027110EE200EB4DCC /* ViewModel */,
				11CE553F27110EDB00EB4DCC /* View */,
				11CE553E27110E0900EB4DCC /* MusicRecognization.entitlements */,
				11CE551427110D2300EB4DCC /* MusicRecognizationApp.swift */,
				11CE551627110D2300EB4DCC /* ContentView.swift */,
				11CE551827110D2700EB4DCC /* Assets.xcassets */,
				11CE551A27110D2700EB4DCC /* Preview Content */,
			);
			path = MusicRecognization;
			sourceTree = "<group>";
		};
		11CE551A27110D2700EB4DCC /* Preview Content */ = {
			isa = PBXGroup;
			children = (
				11CE551B27110D2700EB4DCC /* Preview Assets.xcassets */,
			);
			path = "Preview Content";
			sourceTree = "<group>";
		};
		11CE552427110D2700EB4DCC /* MusicRecognizationTests */ = {
			isa = PBXGroup;
			children = (
				11CE552527110D2700EB4DCC /* MusicRecognizationTests.swift */,
			);
			path = MusicRecognizationTests;
			sourceTree = "<group>";
		};
		11CE552E27110D2700EB4DCC /* MusicRecognizationUITests */ = {
			isa = PBXGroup;
			children = (
				11CE552F27110D2700EB4DCC /* MusicRecognizationUITests.swift */,
				11CE553127110D2700EB4DCC /* MusicRecognizationUITestsLaunchTests.swift */,
			);
			path = MusicRecognizationUITests;
			sourceTree = "<group>";
		};
		11CE553F27110EDB00EB4DCC /* View */ = {
			isa = PBXGroup;
			children = (
				11CE554327110EFF00EB4DCC /* Home.swift */,
			);
			path = View;
			sourceTree = "<group>";
		};
		11CE554027110EE200EB4DCC /* ViewModel */ = {
			isa = PBXGroup;
			children = (
				11CE5545271110E200EB4DCC /* ShazamRecognizer.swift */,
			);
			path = ViewModel;
			sourceTree = "<group>";
		};
		11CE554127110EEC00EB4DCC /* Model */ = {
			isa = PBXGroup;
			children = (
				11CE55472711113100EB4DCC /* Track.swift */,
			);
			path = Model;
			sourceTree = "<group>";
		};
		11CE554227110EF100EB4DCC /* New Group */ = {
			isa = PBXGroup;
			children = (
			);
			path = "New Group";
			sourceTree = "<group>";
		};
/* End PBXGroup section */

/* Begin PBXNativeTarget section */
		11CE551027110D2200EB4DCC /* MusicRecognization */ = {
			isa = PBXNativeTarget;
			buildConfigurationList = 11CE553527110D2700EB4DCC /* Build configuration list for PBXNativeTarget "MusicRecognization" */;
			buildPhases = (
				11CE550D27110D2200EB4DCC /* Sources */,
				11CE550E27110D2200EB4DCC /* Frameworks */,
				11CE550F27110D2200EB4DCC /* Resources */,
			);
			buildRules = (
			);
			dependencies = (
			);
			name = MusicRecognization;
			productName = MusicRecognization;
			productReference = 11CE551127110D2200EB4DCC /* MusicRecognization.app */;
			productType = "com.apple.product-type.application";
		};
		11CE552027110D2700EB4DCC /* MusicRecognizationTests */ = {
			isa = PBXNativeTarget;
			buildConfigurationList = 11CE553827110D2700EB4DCC /* Build configuration list for PBXNativeTarget "MusicRecognizationTests" */;
			buildPhases = (
				11CE551D27110D2700EB4DCC /* Sources */,
				11CE551E27110D2700EB4DCC /* Frameworks */,
				11CE551F27110D2700EB4DCC /* Resources */,
			);
			buildRules = (
			);
			dependencies = (
				11CE552327110D2700EB4DCC /* PBXTargetDependency */,
			);
			name = MusicRecognizationTests;
			productName = MusicRecognizationTests;
			productReference = 11CE552127110D2700EB4DCC /* MusicRecognizationTests.xctest */;
			productType = "com.apple.product-type.bundle.unit-test";
		};
		11CE552A27110D2700EB4DCC /* MusicRecognizationUITests */ = {
			isa = PBXNativeTarget;
			buildConfigurationList = 11CE553B27110D2700EB4DCC /* Build configuration list for PBXNativeTarget "MusicRecognizationUITests" */;
			buildPhases = (
				11CE552727110D2700EB4DCC /* Sources */,
				11CE552827110D2700EB4DCC /* Frameworks */,
				11CE552927110D2700EB4DCC /* Resources */,
			);
			buildRules = (
			);
			dependencies = (
				11CE552D27110D2700EB4DCC /* PBXTargetDependency */,
			);
			name = MusicRecognizationUITests;
			productName = MusicRecognizationUITests;
			productReference = 11CE552B27110D2700EB4DCC /* MusicRecognizationUITests.xctest */;
			productType = "com.apple.product-type.bundle.ui-testing";
		};
/* End PBXNativeTarget section */

/* Begin PBXProject section */
		11CE550927110D2200EB4DCC /* Project object */ = {
			isa = PBXProject;
			attributes = {
				BuildIndependentTargetsInParallel = 1;
				LastSwiftUpdateCheck = 1300;
				LastUpgradeCheck = 1300;
				TargetAttributes = {
					11CE551027110D2200EB4DCC = {
						CreatedOnToolsVersion = 13.0;
					};
					11CE552027110D2700EB4DCC = {
						CreatedOnToolsVersion = 13.0;
						TestTargetID = 11CE551027110D2200EB4DCC;
					};
					11CE552A27110D2700EB4DCC = {
						CreatedOnToolsVersion = 13.0;
						TestTargetID = 11CE551027110D2200EB4DCC;
					};
				};
			};
			buildConfigurationList = 11CE550C27110D2200EB4DCC /* Build configuration list for PBXProject "MusicRecognization" */;
			compatibilityVersion = "Xcode 13.0";
			developmentRegion = en;
			hasScannedForEncodings = 0;
			knownRegions = (
				en,
				Base,
			);
			mainGroup = 11CE550827110D2200EB4DCC;
			productRefGroup = 11CE551227110D2200EB4DCC /* Products */;
			projectDirPath = "";
			projectRoot = "";
			targets = (
				11CE551027110D2200EB4DCC /* MusicRecognization */,
				11CE552027110D2700EB4DCC /* MusicRecognizationTests */,
				11CE552A27110D2700EB4DCC /* MusicRecognizationUITests */,
			);
		};
/* End PBXProject section */

/* Begin PBXResourcesBuildPhase section */
		11CE550F27110D2200EB4DCC /* Resources */ = {
			isa = PBXResourcesBuildPhase;
			buildActionMask = 2147483647;
			files = (
				11CE551C27110D2700EB4DCC /* Preview Assets.xcassets in Resources */,
				11CE551927110D2700EB4DCC /* Assets.xcassets in Resources */,
			);
			runOnlyForDeploymentPostprocessing = 0;
		};
		11CE551F27110D2700EB4DCC /* Resources */ = {
			isa = PBXResourcesBuildPhase;
			buildActionMask = 2147483647;
			files = (
			);
			runOnlyForDeploymentPostprocessing = 0;
		};
		11CE552927110D2700EB4DCC /* Resources */ = {
			isa = PBXResourcesBuildPhase;
			buildActionMask = 2147483647;
			files = (
			);
			runOnlyForDeploymentPostprocessing = 0;
		};
/* End PBXResourcesBuildPhase section */

/* Begin PBXSourcesBuildPhase section */
		11CE550D27110D2200EB4DCC /* Sources */ = {
			isa = PBXSourcesBuildPhase;
			buildActionMask = 2147483647;
			files = (
				11CE551727110D2300EB4DCC /* ContentView.swift in Sources */,
				11CE55482711113100EB4DCC /* Track.swift in Sources */,
				11CE5546271110E200EB4DCC /* ShazamRecognizer.swift in Sources */,
				11CE554427110EFF00EB4DCC /* Home.swift in Sources */,
				11CE551527110D2300EB4DCC /* MusicRecognizationApp.swift in Sources */,
			);
			runOnlyForDeploymentPostprocessing = 0;
		};
		11CE551D27110D2700EB4DCC /* Sources */ = {
			isa = PBXSourcesBuildPhase;
			buildActionMask = 2147483647;
			files = (
				11CE552627110D2700EB4DCC /* MusicRecognizationTests.swift in Sources */,
			);
			runOnlyForDeploymentPostprocessing = 0;
		};
		11CE552727110D2700EB4DCC /* Sources */ = {
			isa = PBXSourcesBuildPhase;
			buildActionMask = 2147483647;
			files = (
				11CE553027110D2700EB4DCC /* MusicRecognizationUITests.swift in Sources */,
				11CE553227110D2700EB4DCC /* MusicRecognizationUITestsLaunchTests.swift in Sources */,
			);
			runOnlyForDeploymentPostprocessing = 0;
		};
/* End PBXSourcesBuildPhase section */

/* Begin PBXTargetDependency section */
		11CE552327110D2700EB4DCC /* PBXTargetDependency */ = {
			isa = PBXTargetDependency;
			target = 11CE551027110D2200EB4DCC /* MusicRecognization */;
			targetProxy = 11CE552227110D2700EB4DCC /* PBXContainerItemProxy */;
		};
		11CE552D27110D2700EB4DCC /* PBXTargetDependency */ = {
			isa = PBXTargetDependency;
			target = 11CE551027110D2200EB4DCC /* MusicRecognization */;
			targetProxy = 11CE552C27110D2700EB4DCC /* PBXContainerItemProxy */;
		};
/* End PBXTargetDependency section */

/* Begin XCBuildConfiguration section */
		11CE553327110D2700EB4DCC /* Debug */ = {
			isa = XCBuildConfiguration;
			buildSettings = {
				ALWAYS_SEARCH_USER_PATHS = NO;
				CLANG_ANALYZER_NONNULL = YES;
				CLANG_ANALYZER_NUMBER_OBJECT_CONVERSION = YES_AGGRESSIVE;
				CLANG_CXX_LANGUAGE_STANDARD = "gnu++17";
				CLANG_CXX_LIBRARY = "libc++";
				CLANG_ENABLE_MODULES = YES;
				CLANG_ENABLE_OBJC_ARC = YES;
				CLANG_ENABLE_OBJC_WEAK = YES;
				CLANG_WARN_BLOCK_CAPTURE_AUTORELEASING = YES;
				CLANG_WARN_BOOL_CONVERSION = YES;
				CLANG_WARN_COMMA = YES;
				CLANG_WARN_CONSTANT_CONVERSION = YES;
				CLANG_WARN_DEPRECATED_OBJC_IMPLEMENTATIONS = YES;
				CLANG_WARN_DIRECT_OBJC_ISA_USAGE = YES_ERROR;
				CLANG_WARN_DOCUMENTATION_COMMENTS = YES;
				CLANG_WARN_EMPTY_BODY = YES;
				CLANG_WARN_ENUM_CONVERSION = YES;
				CLANG_WARN_INFINITE_RECURSION = YES;
				CLANG_WARN_INT_CONVERSION = YES;
				CLANG_WARN_NON_LITERAL_NULL_CONVERSION = YES;
				CLANG_WARN_OBJC_IMPLICIT_RETAIN_SELF = YES;
				CLANG_WARN_OBJC_LITERAL_CONVERSION = YES;
				CLANG_WARN_OBJC_ROOT_CLASS = YES_ERROR;
				CLANG_WARN_QUOTED_INCLUDE_IN_FRAMEWORK_HEADER = YES;
				CLANG_WARN_RANGE_LOOP_ANALYSIS = YES;
				CLANG_WARN_STRICT_PROTOTYPES = YES;
				CLANG_WARN_SUSPICIOUS_MOVE = YES;
				CLANG_WARN_UNGUARDED_AVAILABILITY = YES_AGGRESSIVE;
				CLANG_WARN_UNREACHABLE_CODE = YES;
				CLANG_WARN__DUPLICATE_METHOD_MATCH = YES;
				COPY_PHASE_STRIP = NO;
				DEBUG_INFORMATION_FORMAT = dwarf;
				ENABLE_STRICT_OBJC_MSGSEND = YES;
				ENABLE_TESTABILITY = YES;
				GCC_C_LANGUAGE_STANDARD = gnu11;
				GCC_DYNAMIC_NO_PIC = NO;
				GCC_NO_COMMON_BLOCKS = YES;
				GCC_OPTIMIZATION_LEVEL = 0;
				GCC_PREPROCESSOR_DEFINITIONS = (
					"DEBUG=1",
					"$(inherited)",
				);
				GCC_WARN_64_TO_32_BIT_CONVERSION = YES;
				GCC_WARN_ABOUT_RETURN_TYPE = YES_ERROR;
				GCC_WARN_UNDECLARED_SELECTOR = YES;
				GCC_WARN_UNINITIALIZED_AUTOS = YES_AGGRESSIVE;
				GCC_WARN_UNUSED_FUNCTION = YES;
				GCC_WARN_UNUSED_VARIABLE = YES;
				IPHONEOS_DEPLOYMENT_TARGET = 15.0;
				MTL_ENABLE_DEBUG_INFO = INCLUDE_SOURCE;
				MTL_FAST_MATH = YES;
				ONLY_ACTIVE_ARCH = YES;
				SDKROOT = iphoneos;
				SWIFT_ACTIVE_COMPILATION_CONDITIONS = DEBUG;
				SWIFT_OPTIMIZATION_LEVEL = "-Onone";
			};
			name = Debug;
		};
		11CE553427110D2700EB4DCC /* Release */ = {
			isa = XCBuildConfiguration;
			buildSettings = {
				ALWAYS_SEARCH_USER_PATHS = NO;
				CLANG_ANALYZER_NONNULL = YES;
				CLANG_ANALYZER_NUMBER_OBJECT_CONVERSION = YES_AGGRESSIVE;
				CLANG_CXX_LANGUAGE_STANDARD = "gnu++17";
				CLANG_CXX_LIBRARY = "libc++";
				CLANG_ENABLE_MODULES = YES;
				CLANG_ENABLE_OBJC_ARC = YES;
				CLANG_ENABLE_OBJC_WEAK = YES;
				CLANG_WARN_BLOCK_CAPTURE_AUTORELEASING = YES;
				CLANG_WARN_BOOL_CONVERSION = YES;
				CLANG_WARN_COMMA = YES;
				CLANG_WARN_CONSTANT_CONVERSION = YES;
				CLANG_WARN_DEPRECATED_OBJC_IMPLEMENTATIONS = YES;
				CLANG_WARN_DIRECT_OBJC_ISA_USAGE = YES_ERROR;
				CLANG_WARN_DOCUMENTATION_COMMENTS = YES;
				CLANG_WARN_EMPTY_BODY = YES;
				CLANG_WARN_ENUM_CONVERSION = YES;
				CLANG_WARN_INFINITE_RECURSION = YES;
				CLANG_WARN_INT_CONVERSION = YES;
				CLANG_WARN_NON_LITERAL_NULL_CONVERSION = YES;
				CLANG_WARN_OBJC_IMPLICIT_RETAIN_SELF = YES;
				CLANG_WARN_OBJC_LITERAL_CONVERSION = YES;
				CLANG_WARN_OBJC_ROOT_CLASS = YES_ERROR;
				CLANG_WARN_QUOTED_INCLUDE_IN_FRAMEWORK_HEADER = YES;
				CLANG_WARN_RANGE_LOOP_ANALYSIS = YES;
				CLANG_WARN_STRICT_PROTOTYPES = YES;
				CLANG_WARN_SUSPICIOUS_MOVE = YES;
				CLANG_WARN_UNGUARDED_AVAILABILITY = YES_AGGRESSIVE;
				CLANG_WARN_UNREACHABLE_CODE = YES;
				CLANG_WARN__DUPLICATE_METHOD_MATCH = YES;
				COPY_PHASE_STRIP = NO;
				DEBUG_INFORMATION_FORMAT = "dwarf-with-dsym";
				ENABLE_NS_ASSERTIONS = NO;
				ENABLE_STRICT_OBJC_MSGSEND = YES;
				GCC_C_LANGUAGE_STANDARD = gnu11;
				GCC_NO_COMMON_BLOCKS = YES;
				GCC_WARN_64_TO_32_BIT_CONVERSION = YES;
				GCC_WARN_ABOUT_RETURN_TYPE = YES_ERROR;
				GCC_WARN_UNDECLARED_SELECTOR = YES;
				GCC_WARN_UNINITIALIZED_AUTOS = YES_AGGRESSIVE;
				GCC_WARN_UNUSED_FUNCTION = YES;
				GCC_WARN_UNUSED_VARIABLE = YES;
				IPHONEOS_DEPLOYMENT_TARGET = 15.0;
				MTL_ENABLE_DEBUG_INFO = NO;
				MTL_FAST_MATH = YES;
				SDKROOT = iphoneos;
				SWIFT_COMPILATION_MODE = wholemodule;
				SWIFT_OPTIMIZATION_LEVEL = "-O";
				VALIDATE_PRODUCT = YES;
			};
			name = Release;
		};
		11CE553627110D2700EB4DCC /* Debug */ = {
			isa = XCBuildConfiguration;
			buildSettings = {
				ASSETCATALOG_COMPILER_APPICON_NAME = AppIcon;
				ASSETCATALOG_COMPILER_GLOBAL_ACCENT_COLOR_NAME = AccentColor;
				CODE_SIGN_ENTITLEMENTS = MusicRecognization/MusicRecognization.entitlements;
				CODE_SIGN_IDENTITY = "Apple Development";
				CODE_SIGN_STYLE = Automatic;
				CURRENT_PROJECT_VERSION = 1;
				DEVELOPMENT_ASSET_PATHS = "\"MusicRecognization/Preview Content\"";
				DEVELOPMENT_TEAM = CSE9343A58;
				ENABLE_PREVIEWS = YES;
				GENERATE_INFOPLIST_FILE = YES;
				INFOPLIST_KEY_NSMicrophoneUsageDescription = "please Allow mic";
				INFOPLIST_KEY_UIApplicationSceneManifest_Generation = YES;
				INFOPLIST_KEY_UIApplicationSupportsIndirectInputEvents = YES;
				INFOPLIST_KEY_UILaunchScreen_Generation = YES;
				INFOPLIST_KEY_UISupportedInterfaceOrientations_iPad = "UIInterfaceOrientationPortrait UIInterfaceOrientationPortraitUpsideDown UIInterfaceOrientationLandscapeLeft UIInterfaceOrientationLandscapeRight";
				INFOPLIST_KEY_UISupportedInterfaceOrientations_iPhone = "UIInterfaceOrientationPortrait UIInterfaceOrientationLandscapeLeft UIInterfaceOrientationLandscapeRight";
				IPHONEOS_DEPLOYMENT_TARGET = 15.0;
				LD_RUNPATH_SEARCH_PATHS = (
					"$(inherited)",
					"@executable_path/Frameworks",
				);
				MARKETING_VERSION = 1.0;
				PRODUCT_BUNDLE_IDENTIFIER = frontyard.MusicRecognization;
				PRODUCT_NAME = "$(TARGET_NAME)";
				PROVISIONING_PROFILE_SPECIFIER = "";
				SWIFT_EMIT_LOC_STRINGS = YES;
				SWIFT_VERSION = 5.0;
				TARGETED_DEVICE_FAMILY = "1,2";
			};
			name = Debug;
		};
		11CE553727110D2700EB4DCC /* Release */ = {
			isa = XCBuildConfiguration;
			buildSettings = {
				ASSETCATALOG_COMPILER_APPICON_NAME = AppIcon;
				ASSETCATALOG_COMPILER_GLOBAL_ACCENT_COLOR_NAME = AccentColor;
				CODE_SIGN_ENTITLEMENTS = MusicRecognization/MusicRecognization.entitlements;
				CODE_SIGN_IDENTITY = "Apple Development";
				CODE_SIGN_STYLE = Automatic;
				CURRENT_PROJECT_VERSION = 1;
				DEVELOPMENT_ASSET_PATHS = "\"MusicRecognization/Preview Content\"";
				DEVELOPMENT_TEAM = CSE9343A58;
				ENABLE_PREVIEWS = YES;
				GENERATE_INFOPLIST_FILE = YES;
				INFOPLIST_KEY_NSMicrophoneUsageDescription = "please Allow mic";
				INFOPLIST_KEY_UIApplicationSceneManifest_Generation = YES;
				INFOPLIST_KEY_UIApplicationSupportsIndirectInputEvents = YES;
				INFOPLIST_KEY_UILaunchScreen_Generation = YES;
				INFOPLIST_KEY_UISupportedInterfaceOrientations_iPad = "UIInterfaceOrientationPortrait UIInterfaceOrientationPortraitUpsideDown UIInterfaceOrientationLandscapeLeft UIInterfaceOrientationLandscapeRight";
				INFOPLIST_KEY_UISupportedInterfaceOrientations_iPhone = "UIInterfaceOrientationPortrait UIInterfaceOrientationLandscapeLeft UIInterfaceOrientationLandscapeRight";
				IPHONEOS_DEPLOYMENT_TARGET = 15.0;
				LD_RUNPATH_SEARCH_PATHS = (
					"$(inherited)",
					"@executable_path/Frameworks",
				);
				MARKETING_VERSION = 1.0;
				PRODUCT_BUNDLE_IDENTIFIER = frontyard.MusicRecognization;
				PRODUCT_NAME = "$(TARGET_NAME)";
				PROVISIONING_PROFILE_SPECIFIER = "";
				SWIFT_EMIT_LOC_STRINGS = YES;
				SWIFT_VERSION = 5.0;
				TARGETED_DEVICE_FAMILY = "1,2";
			};
			name = Release;
		};
		11CE553927110D2700EB4DCC /* Debug */ = {
			isa = XCBuildConfiguration;
			buildSettings = {
				ALWAYS_EMBED_SWIFT_STANDARD_LIBRARIES = YES;
				BUNDLE_LOADER = "$(TEST_HOST)";
				CODE_SIGN_STYLE = Automatic;
				CURRENT_PROJECT_VERSION = 1;
				DEVELOPMENT_TEAM = CSE9343A58;
				GENERATE_INFOPLIST_FILE = YES;
				IPHONEOS_DEPLOYMENT_TARGET = 14.0;
				LD_RUNPATH_SEARCH_PATHS = (
					"$(inherited)",
					"@executable_path/Frameworks",
					"@loader_path/Frameworks",
				);
				MARKETING_VERSION = 1.0;
				PRODUCT_BUNDLE_IDENTIFIER = frontyard.MusicRecognizationTests;
				PRODUCT_NAME = "$(TARGET_NAME)";
				SWIFT_EMIT_LOC_STRINGS = NO;
				SWIFT_VERSION = 5.0;
				TARGETED_DEVICE_FAMILY = "1,2";
				TEST_HOST = "$(BUILT_PRODUCTS_DIR)/MusicRecognization.app/MusicRecognization";
			};
			name = Debug;
		};
		11CE553A27110D2700EB4DCC /* Release */ = {
			isa = XCBuildConfiguration;
			buildSettings = {
				ALWAYS_EMBED_SWIFT_STANDARD_LIBRARIES = YES;
				BUNDLE_LOADER = "$(TEST_HOST)";
				CODE_SIGN_STYLE = Automatic;
				CURRENT_PROJECT_VERSION = 1;
				DEVELOPMENT_TEAM = CSE9343A58;
				GENERATE_INFOPLIST_FILE = YES;
				IPHONEOS_DEPLOYMENT_TARGET = 14.0;
				LD_RUNPATH_SEARCH_PATHS = (
					"$(inherited)",
					"@executable_path/Frameworks",
					"@loader_path/Frameworks",
				);
				MARKETING_VERSION = 1.0;
				PRODUCT_BUNDLE_IDENTIFIER = frontyard.MusicRecognizationTests;
				PRODUCT_NAME = "$(TARGET_NAME)";
				SWIFT_EMIT_LOC_STRINGS = NO;
				SWIFT_VERSION = 5.0;
				TARGETED_DEVICE_FAMILY = "1,2";
				TEST_HOST = "$(BUILT_PRODUCTS_DIR)/MusicRecognization.app/MusicRecognization";
			};
			name = Release;
		};
		11CE553C27110D2700EB4DCC /* Debug */ = {
			isa = XCBuildConfiguration;
			buildSettings = {
				ALWAYS_EMBED_SWIFT_STANDARD_LIBRARIES = YES;
				CODE_SIGN_STYLE = Automatic;
				CURRENT_PROJECT_VERSION = 1;
				DEVELOPMENT_TEAM = CSE9343A58;
				GENERATE_INFOPLIST_FILE = YES;
				LD_RUNPATH_SEARCH_PATHS = (
					"$(inherited)",
					"@executable_path/Frameworks",
					"@loader_path/Frameworks",
				);
				MARKETING_VERSION = 1.0;
				PRODUCT_BUNDLE_IDENTIFIER = frontyard.MusicRecognizationUITests;
				PRODUCT_NAME = "$(TARGET_NAME)";
				SWIFT_EMIT_LOC_STRINGS = NO;
				SWIFT_VERSION = 5.0;
				TARGETED_DEVICE_FAMILY = "1,2";
				TEST_TARGET_NAME = MusicRecognization;
			};
			name = Debug;
		};
		11CE553D27110D2700EB4DCC /* Release */ = {
			isa = XCBuildConfiguration;
			buildSettings = {
				ALWAYS_EMBED_SWIFT_STANDARD_LIBRARIES = YES;
				CODE_SIGN_STYLE = Automatic;
				CURRENT_PROJECT_VERSION = 1;
				DEVELOPMENT_TEAM = CSE9343A58;
				GENERATE_INFOPLIST_FILE = YES;
				LD_RUNPATH_SEARCH_PATHS = (
					"$(inherited)",
					"@executable_path/Frameworks",
					"@loader_path/Frameworks",
				);
				MARKETING_VERSION = 1.0;
				PRODUCT_BUNDLE_IDENTIFIER = frontyard.MusicRecognizationUITests;
				PRODUCT_NAME = "$(TARGET_NAME)";
				SWIFT_EMIT_LOC_STRINGS = NO;
				SWIFT_VERSION = 5.0;
				TARGETED_DEVICE_FAMILY = "1,2";
				TEST_TARGET_NAME = MusicRecognization;
			};
			name = Release;
		};
/* End XCBuildConfiguration section */

/* Begin XCConfigurationList section */
		11CE550C27110D2200EB4DCC /* Build configuration list for PBXProject "MusicRecognization" */ = {
			isa = XCConfigurationList;
			buildConfigurations = (
				11CE553327110D2700EB4DCC /* Debug */,
				11CE553427110D2700EB4DCC /* Release */,
			);
			defaultConfigurationIsVisible = 0;
			defaultConfigurationName = Release;
		};
		11CE553527110D2700EB4DCC /* Build configuration list for PBXNativeTarget "MusicRecognization" */ = {
			isa = XCConfigurationList;
			buildConfigurations = (
				11CE553627110D2700EB4DCC /* Debug */,
				11CE553727110D2700EB4DCC /* Release */,
			);
			defaultConfigurationIsVisible = 0;
			defaultConfigurationName = Release;
		};
		11CE553827110D2700EB4DCC /* Build configuration list for PBXNativeTarget "MusicRecognizationTests" */ = {
			isa = XCConfigurationList;
			buildConfigurations = (
				11CE553927110D2700EB4DCC /* Debug */,
				11CE553A27110D2700EB4DCC /* Release */,
			);
			defaultConfigurationIsVisible = 0;
			defaultConfigurationName = Release;
		};
		11CE553B27110D2700EB4DCC /* Build configuration list for PBXNativeTarget "MusicRecognizationUITests" */ = {
			isa = XCConfigurationList;
			buildConfigurations = (
				11CE553C27110D2700EB4DCC /* Debug */,
				11CE553D27110D2700EB4DCC /* Release */,
			);
			defaultConfigurationIsVisible = 0;
			defaultConfigurationName = Release;
		};
/* End XCConfigurationList section */
	};
	rootObject = 11CE550927110D2200EB4DCC /* Project object */;
}
